// !$*UTF8*$!
{
	archiveVersion = 1;
	classes = {
	};
	objectVersion = 46;
	objects = {

/* Begin PBXBuildFile section */
		00380A821CF4D6A000023EB6 /* do_output.cpp in Sources */ = {isa = PBXBuildFile; fileRef = 00380A481CF4D6A000023EB6 /* do_output.cpp */; };
		00380A831CF4D6A000023EB6 /* robot_state.cpp in Sources */ = {isa = PBXBuildFile; fileRef = 00380A4B1CF4D6A000023EB6 /* robot_state.cpp */; };
		00380A841CF4D6A000023EB6 /* robot_state_RT.cpp in Sources */ = {isa = PBXBuildFile; fileRef = 00380A4D1CF4D6A000023EB6 /* robot_state_RT.cpp */; };
		00380A851CF4D6A000023EB6 /* ur_communication.cpp in Sources */ = {isa = PBXBuildFile; fileRef = 00380A4F1CF4D6A000023EB6 /* ur_communication.cpp */; };
		00380A861CF4D6A000023EB6 /* ur_driver.cpp in Sources */ = {isa = PBXBuildFile; fileRef = 00380A511CF4D6A000023EB6 /* ur_driver.cpp */; };
		00380A871CF4D6A000023EB6 /* ur_realtime_communication.cpp in Sources */ = {isa = PBXBuildFile; fileRef = 00380A531CF4D6A000023EB6 /* ur_realtime_communication.cpp */; };
		00380A881CF4D6A000023EB6 /* ur_kin.cpp in Sources */ = {isa = PBXBuildFile; fileRef = 00380A571CF4D6A000023EB6 /* ur_kin.cpp */; };
		00380A891CF4D6A000023EB6 /* UR5KinematicModel.cpp in Sources */ = {isa = PBXBuildFile; fileRef = 00380A5D1CF4D6A000023EB6 /* UR5KinematicModel.cpp */; };
		00380A8A1CF4D6A000023EB6 /* URDriver.cpp in Sources */ = {isa = PBXBuildFile; fileRef = 00380A5F1CF4D6A000023EB6 /* URDriver.cpp */; };
		00380A8B1CF4D6A000023EB6 /* URMove.cpp in Sources */ = {isa = PBXBuildFile; fileRef = 00380A611CF4D6A000023EB6 /* URMove.cpp */; };
		00380A8C1CF4D6A000023EB6 /* URToolHead.cpp in Sources */ = {isa = PBXBuildFile; fileRef = 00380A631CF4D6A000023EB6 /* URToolHead.cpp */; };
		00380A8E1CF4D6A000023EB6 /* PathController.cpp in Sources */ = {isa = PBXBuildFile; fileRef = 00380A6A1CF4D6A000023EB6 /* PathController.cpp */; };
		00380A8F1CF4D6A000023EB6 /* RobotController.cpp in Sources */ = {isa = PBXBuildFile; fileRef = 00380A6C1CF4D6A000023EB6 /* RobotController.cpp */; };
		00380A901CF4D6A000023EB6 /* GMLPath.cpp in Sources */ = {isa = PBXBuildFile; fileRef = 00380A6F1CF4D6A000023EB6 /* GMLPath.cpp */; };
		00380A911CF4D6A000023EB6 /* Path.cpp in Sources */ = {isa = PBXBuildFile; fileRef = 00380A711CF4D6A000023EB6 /* Path.cpp */; };
		00380A921CF4D6A000023EB6 /* Path3D.cpp in Sources */ = {isa = PBXBuildFile; fileRef = 00380A731CF4D6A000023EB6 /* Path3D.cpp */; };
		00380A931CF4D6A000023EB6 /* PathPlayer.cpp in Sources */ = {isa = PBXBuildFile; fileRef = 00380A771CF4D6A000023EB6 /* PathPlayer.cpp */; };
		00380A941CF4D6A000023EB6 /* PathRecorder.cpp in Sources */ = {isa = PBXBuildFile; fileRef = 00380A791CF4D6A000023EB6 /* PathRecorder.cpp */; };
		00380A951CF4D6A000023EB6 /* RobotStateMachine.cpp in Sources */ = {isa = PBXBuildFile; fileRef = 00380A7C1CF4D6A000023EB6 /* RobotStateMachine.cpp */; };
		00380A961CF4D6A000023EB6 /* WorkSurface3D.cpp in Sources */ = {isa = PBXBuildFile; fileRef = 00380A801CF4D6A000023EB6 /* WorkSurface3D.cpp */; };
		03B14860C85545A54080C30A /* tagWriter.cpp in Sources */ = {isa = PBXBuildFile; fileRef = BE7DB470D57A91A0701B9FCD /* tagWriter.cpp */; };
		0E33E39B0F7BD7C01D368551 /* GizmoTransformRender.cpp in Sources */ = {isa = PBXBuildFile; fileRef = BB503F534BC39BB8E1699F73 /* GizmoTransformRender.cpp */; };
		1CD33E884D9E3358252E82A1 /* ofxToggle.cpp in Sources */ = {isa = PBXBuildFile; fileRef = 907C5B5E104864A2D3A25745 /* ofxToggle.cpp */; };
		2678BE5C3074D11B5F284D2D /* GizmoTransformScale.cpp in Sources */ = {isa = PBXBuildFile; fileRef = DEF09DF951DBD1CB252E2064 /* GizmoTransformScale.cpp */; };
		2EB82731E35103D1E16BAFCF /* ofxNatNet.cpp in Sources */ = {isa = PBXBuildFile; fileRef = 1F3A36FC9F5D38A7D10DEB9F /* ofxNatNet.cpp */; };
		3415942CF8402F92CD12F9A1 /* ofxGizmo.cpp in Sources */ = {isa = PBXBuildFile; fileRef = 8A4ADDF22CE7DB649CE8312B /* ofxGizmo.cpp */; };
		39C1076FC679109A21E21816 /* tagReader.cpp in Sources */ = {isa = PBXBuildFile; fileRef = D2841F49C423B13E5FE1D6A8 /* tagReader.cpp */; };
		3B8120368B4FCCD80883BAF3 /* ofxAssimpAnimation.cpp in Sources */ = {isa = PBXBuildFile; fileRef = 36068D6C1D6D412786A5C4C1 /* ofxAssimpAnimation.cpp */; };
		41E2223E5B0F12AB2C7D678B /* GizmoTransformMove.cpp in Sources */ = {isa = PBXBuildFile; fileRef = 46E5A67A084793468ED74D5B /* GizmoTransformMove.cpp */; };
		483908258D00B98B4BE69F07 /* ofxLabel.cpp in Sources */ = {isa = PBXBuildFile; fileRef = 78D67A00EB899FAC09430597 /* ofxLabel.cpp */; };
		483FA4F6D5FA6422C559B1F5 /* ofxAssimpMeshHelper.cpp in Sources */ = {isa = PBXBuildFile; fileRef = F67FE68E327BEFBD4B777571 /* ofxAssimpMeshHelper.cpp */; };
		5A4349E9754D6FA14C0F2A3A /* tinyxmlparser.cpp in Sources */ = {isa = PBXBuildFile; fileRef = FC5DA1C87211D4F6377DA719 /* tinyxmlparser.cpp */; };
		5CBB2AB3A60F65431D7B555D /* ofxButton.cpp in Sources */ = {isa = PBXBuildFile; fileRef = C88333E71C9457E441C33474 /* ofxButton.cpp */; };
		63B57AC5BF4EF088491E0317 /* ofxXmlSettings.cpp in Sources */ = {isa = PBXBuildFile; fileRef = 50DF87D612C5AAE17AAFA6C0 /* ofxXmlSettings.cpp */; };
		658E7D8B200D6D15D55EFF62 /* GizmoTransformRotate.cpp in Sources */ = {isa = PBXBuildFile; fileRef = 0EAE769591A0A91EAB53C484 /* GizmoTransformRotate.cpp */; };
		714509BA4B4022405175C461 /* ParallelTransportFrames.cpp in Sources */ = {isa = PBXBuildFile; fileRef = 6E5D9731EE0AF0961BFB8300 /* ParallelTransportFrames.cpp */; };
		837220E80EB56CD44AD27F2A /* ofxSlider.cpp in Sources */ = {isa = PBXBuildFile; fileRef = 15F2C6477A769C03A56D1401 /* ofxSlider.cpp */; };
		856AA354D08AB4B323081444 /* ofxBaseGui.cpp in Sources */ = {isa = PBXBuildFile; fileRef = 9604B925D32EE39065747725 /* ofxBaseGui.cpp */; };
		8DED5056525646FA71980866 /* ofxAssimpModelLoader.cpp in Sources */ = {isa = PBXBuildFile; fileRef = EDE55D82BD962DAC0E94B708 /* ofxAssimpModelLoader.cpp */; };
		933A2227713C720CEFF80FD9 /* tinyxml.cpp in Sources */ = {isa = PBXBuildFile; fileRef = 2B40EDA85BEB63E46785BC29 /* tinyxml.cpp */; };
		9D44DC88EF9E7991B4A09951 /* tinyxmlerror.cpp in Sources */ = {isa = PBXBuildFile; fileRef = 832BDC407620CDBA568B713D /* tinyxmlerror.cpp */; };
		B266578FC55D23BFEBC042E7 /* ofxGuiGroup.cpp in Sources */ = {isa = PBXBuildFile; fileRef = ECF8674C7975F1063C5E30CA /* ofxGuiGroup.cpp */; };
		B56FE57CC35806596D38118C /* ofxSliderGroup.cpp in Sources */ = {isa = PBXBuildFile; fileRef = 802251BAF1B35B1D67B32FD0 /* ofxSliderGroup.cpp */; };
		B8846EF8E504895A4A9EFEC0 /* ofxAssimpTexture.cpp in Sources */ = {isa = PBXBuildFile; fileRef = B6F2EE44AD04FF549AB13699 /* ofxAssimpTexture.cpp */; };
		E4328149138ABC9F0047C5CB /* openFrameworksDebug.a in Frameworks */ = {isa = PBXBuildFile; fileRef = E4328148138ABC890047C5CB /* openFrameworksDebug.a */; };
		E4B69E200A3A1BDC003C02F2 /* main.cpp in Sources */ = {isa = PBXBuildFile; fileRef = E4B69E1D0A3A1BDC003C02F2 /* main.cpp */; };
		E4B69E210A3A1BDC003C02F2 /* ofApp.cpp in Sources */ = {isa = PBXBuildFile; fileRef = E4B69E1E0A3A1BDC003C02F2 /* ofApp.cpp */; };
		F090A3379D0F9EA5625F5896 /* ZBaseMaths.cpp in Sources */ = {isa = PBXBuildFile; fileRef = E29B894615B821AE7C356646 /* ZBaseMaths.cpp */; };
		F285EB3169F1566CA3D93C20 /* ofxPanel.cpp in Sources */ = {isa = PBXBuildFile; fileRef = E112B3AEBEA2C091BF2B40AE /* ofxPanel.cpp */; };
		FCBD7626110FDE944C671566 /* ZMathsFunc.cpp in Sources */ = {isa = PBXBuildFile; fileRef = 5571DA36D741639FD5715042 /* ZMathsFunc.cpp */; };
/* End PBXBuildFile section */

/* Begin PBXContainerItemProxy section */
		E4328147138ABC890047C5CB /* PBXContainerItemProxy */ = {
			isa = PBXContainerItemProxy;
			containerPortal = E4328143138ABC890047C5CB /* openFrameworksLib.xcodeproj */;
			proxyType = 2;
			remoteGlobalIDString = E4B27C1510CBEB8E00536013;
			remoteInfo = openFrameworks;
		};
		E4EEB9AB138B136A00A80321 /* PBXContainerItemProxy */ = {
			isa = PBXContainerItemProxy;
			containerPortal = E4328143138ABC890047C5CB /* openFrameworksLib.xcodeproj */;
			proxyType = 1;
			remoteGlobalIDString = E4B27C1410CBEB8E00536013;
			remoteInfo = openFrameworks;
		};
/* End PBXContainerItemProxy section */

/* Begin PBXCopyFilesBuildPhase section */
		E4C2427710CC5ABF004149E2 /* CopyFiles */ = {
			isa = PBXCopyFilesBuildPhase;
			buildActionMask = 2147483647;
			dstPath = "";
			dstSubfolderSpec = 10;
			files = (
			);
			runOnlyForDeploymentPostprocessing = 0;
		};
/* End PBXCopyFilesBuildPhase section */

/* Begin PBXFileReference section */
		00380A481CF4D6A000023EB6 /* do_output.cpp */ = {isa = PBXFileReference; fileEncoding = 4; lastKnownFileType = sourcecode.cpp.cpp; path = do_output.cpp; sourceTree = "<group>"; };
		00380A491CF4D6A000023EB6 /* do_output.h */ = {isa = PBXFileReference; fileEncoding = 4; lastKnownFileType = sourcecode.c.h; path = do_output.h; sourceTree = "<group>"; };
		00380A4A1CF4D6A000023EB6 /* endian.h */ = {isa = PBXFileReference; fileEncoding = 4; lastKnownFileType = sourcecode.c.h; path = endian.h; sourceTree = "<group>"; };
		00380A4B1CF4D6A000023EB6 /* robot_state.cpp */ = {isa = PBXFileReference; fileEncoding = 4; lastKnownFileType = sourcecode.cpp.cpp; path = robot_state.cpp; sourceTree = "<group>"; };
		00380A4C1CF4D6A000023EB6 /* robot_state.h */ = {isa = PBXFileReference; fileEncoding = 4; lastKnownFileType = sourcecode.c.h; path = robot_state.h; sourceTree = "<group>"; };
		00380A4D1CF4D6A000023EB6 /* robot_state_RT.cpp */ = {isa = PBXFileReference; fileEncoding = 4; lastKnownFileType = sourcecode.cpp.cpp; path = robot_state_RT.cpp; sourceTree = "<group>"; };
		00380A4E1CF4D6A000023EB6 /* robot_state_RT.h */ = {isa = PBXFileReference; fileEncoding = 4; lastKnownFileType = sourcecode.c.h; path = robot_state_RT.h; sourceTree = "<group>"; };
		00380A4F1CF4D6A000023EB6 /* ur_communication.cpp */ = {isa = PBXFileReference; fileEncoding = 4; lastKnownFileType = sourcecode.cpp.cpp; path = ur_communication.cpp; sourceTree = "<group>"; };
		00380A501CF4D6A000023EB6 /* ur_communication.h */ = {isa = PBXFileReference; fileEncoding = 4; lastKnownFileType = sourcecode.c.h; path = ur_communication.h; sourceTree = "<group>"; };
		00380A511CF4D6A000023EB6 /* ur_driver.cpp */ = {isa = PBXFileReference; fileEncoding = 4; lastKnownFileType = sourcecode.cpp.cpp; path = ur_driver.cpp; sourceTree = "<group>"; };
		00380A521CF4D6A000023EB6 /* ur_driver.h */ = {isa = PBXFileReference; fileEncoding = 4; lastKnownFileType = sourcecode.c.h; path = ur_driver.h; sourceTree = "<group>"; };
		00380A531CF4D6A000023EB6 /* ur_realtime_communication.cpp */ = {isa = PBXFileReference; fileEncoding = 4; lastKnownFileType = sourcecode.cpp.cpp; path = ur_realtime_communication.cpp; sourceTree = "<group>"; };
		00380A541CF4D6A000023EB6 /* ur_realtime_communication.h */ = {isa = PBXFileReference; fileEncoding = 4; lastKnownFileType = sourcecode.c.h; path = ur_realtime_communication.h; sourceTree = "<group>"; };
		00380A561CF4D6A000023EB6 /* ikfast.h */ = {isa = PBXFileReference; fileEncoding = 4; lastKnownFileType = sourcecode.c.h; path = ikfast.h; sourceTree = "<group>"; };
		00380A571CF4D6A000023EB6 /* ur_kin.cpp */ = {isa = PBXFileReference; fileEncoding = 4; lastKnownFileType = sourcecode.cpp.cpp; path = ur_kin.cpp; sourceTree = "<group>"; };
		00380A581CF4D6A000023EB6 /* ur_kin.h */ = {isa = PBXFileReference; fileEncoding = 4; lastKnownFileType = sourcecode.c.h; path = ur_kin.h; sourceTree = "<group>"; };
		00380A591CF4D6A000023EB6 /* LICENSE */ = {isa = PBXFileReference; fileEncoding = 4; lastKnownFileType = text; path = LICENSE; sourceTree = "<group>"; };
		00380A5B1CF4D6A000023EB6 /* ofxURDriver.h */ = {isa = PBXFileReference; fileEncoding = 4; lastKnownFileType = sourcecode.c.h; path = ofxURDriver.h; sourceTree = "<group>"; };
		00380A5C1CF4D6A000023EB6 /* Synchronized.h */ = {isa = PBXFileReference; fileEncoding = 4; lastKnownFileType = sourcecode.c.h; path = Synchronized.h; sourceTree = "<group>"; };
		00380A5D1CF4D6A000023EB6 /* UR5KinematicModel.cpp */ = {isa = PBXFileReference; fileEncoding = 4; lastKnownFileType = sourcecode.cpp.cpp; path = UR5KinematicModel.cpp; sourceTree = "<group>"; };
		00380A5E1CF4D6A000023EB6 /* UR5KinematicModel.h */ = {isa = PBXFileReference; fileEncoding = 4; lastKnownFileType = sourcecode.c.h; path = UR5KinematicModel.h; sourceTree = "<group>"; };
		00380A5F1CF4D6A000023EB6 /* URDriver.cpp */ = {isa = PBXFileReference; fileEncoding = 4; lastKnownFileType = sourcecode.cpp.cpp; path = URDriver.cpp; sourceTree = "<group>"; };
		00380A601CF4D6A000023EB6 /* URDriver.h */ = {isa = PBXFileReference; fileEncoding = 4; lastKnownFileType = sourcecode.c.h; path = URDriver.h; sourceTree = "<group>"; };
		00380A611CF4D6A000023EB6 /* URMove.cpp */ = {isa = PBXFileReference; fileEncoding = 4; lastKnownFileType = sourcecode.cpp.cpp; path = URMove.cpp; sourceTree = "<group>"; };
		00380A621CF4D6A000023EB6 /* URMove.h */ = {isa = PBXFileReference; fileEncoding = 4; lastKnownFileType = sourcecode.c.h; path = URMove.h; sourceTree = "<group>"; };
		00380A631CF4D6A000023EB6 /* URToolHead.cpp */ = {isa = PBXFileReference; fileEncoding = 4; lastKnownFileType = sourcecode.cpp.cpp; path = URToolHead.cpp; sourceTree = "<group>"; };
		00380A641CF4D6A000023EB6 /* URToolHead.h */ = {isa = PBXFileReference; fileEncoding = 4; lastKnownFileType = sourcecode.c.h; path = URToolHead.h; sourceTree = "<group>"; };
		00380A651CF4D6A000023EB6 /* URUtils.h */ = {isa = PBXFileReference; fileEncoding = 4; lastKnownFileType = sourcecode.c.h; path = URUtils.h; sourceTree = "<group>"; };
		00380A6A1CF4D6A000023EB6 /* PathController.cpp */ = {isa = PBXFileReference; fileEncoding = 4; lastKnownFileType = sourcecode.cpp.cpp; path = PathController.cpp; sourceTree = "<group>"; };
		00380A6B1CF4D6A000023EB6 /* PathController.h */ = {isa = PBXFileReference; fileEncoding = 4; lastKnownFileType = sourcecode.c.h; path = PathController.h; sourceTree = "<group>"; };
		00380A6C1CF4D6A000023EB6 /* RobotController.cpp */ = {isa = PBXFileReference; fileEncoding = 4; lastKnownFileType = sourcecode.cpp.cpp; path = RobotController.cpp; sourceTree = "<group>"; };
		00380A6D1CF4D6A000023EB6 /* RobotController.h */ = {isa = PBXFileReference; fileEncoding = 4; lastKnownFileType = sourcecode.c.h; path = RobotController.h; sourceTree = "<group>"; };
		00380A6F1CF4D6A000023EB6 /* GMLPath.cpp */ = {isa = PBXFileReference; fileEncoding = 4; lastKnownFileType = sourcecode.cpp.cpp; path = GMLPath.cpp; sourceTree = "<group>"; };
		00380A701CF4D6A000023EB6 /* GMLPath.h */ = {isa = PBXFileReference; fileEncoding = 4; lastKnownFileType = sourcecode.c.h; path = GMLPath.h; sourceTree = "<group>"; };
		00380A711CF4D6A000023EB6 /* Path.cpp */ = {isa = PBXFileReference; fileEncoding = 4; lastKnownFileType = sourcecode.cpp.cpp; path = Path.cpp; sourceTree = "<group>"; };
		00380A721CF4D6A000023EB6 /* Path.h */ = {isa = PBXFileReference; fileEncoding = 4; lastKnownFileType = sourcecode.c.h; path = Path.h; sourceTree = "<group>"; };
		00380A731CF4D6A000023EB6 /* Path3D.cpp */ = {isa = PBXFileReference; fileEncoding = 4; lastKnownFileType = sourcecode.cpp.cpp; path = Path3D.cpp; sourceTree = "<group>"; };
		00380A741CF4D6A000023EB6 /* Path3D.h */ = {isa = PBXFileReference; fileEncoding = 4; lastKnownFileType = sourcecode.c.h; path = Path3D.h; sourceTree = "<group>"; };
		00380A771CF4D6A000023EB6 /* PathPlayer.cpp */ = {isa = PBXFileReference; fileEncoding = 4; lastKnownFileType = sourcecode.cpp.cpp; path = PathPlayer.cpp; sourceTree = "<group>"; };
		00380A781CF4D6A000023EB6 /* PathPlayer.h */ = {isa = PBXFileReference; fileEncoding = 4; lastKnownFileType = sourcecode.c.h; path = PathPlayer.h; sourceTree = "<group>"; };
		00380A791CF4D6A000023EB6 /* PathRecorder.cpp */ = {isa = PBXFileReference; fileEncoding = 4; lastKnownFileType = sourcecode.cpp.cpp; path = PathRecorder.cpp; sourceTree = "<group>"; };
		00380A7A1CF4D6A000023EB6 /* PathRecorder.h */ = {isa = PBXFileReference; fileEncoding = 4; lastKnownFileType = sourcecode.c.h; path = PathRecorder.h; sourceTree = "<group>"; };
		00380A7B1CF4D6A000023EB6 /* RobotParameters.h */ = {isa = PBXFileReference; fileEncoding = 4; lastKnownFileType = sourcecode.c.h; path = RobotParameters.h; sourceTree = "<group>"; };
		00380A7C1CF4D6A000023EB6 /* RobotStateMachine.cpp */ = {isa = PBXFileReference; fileEncoding = 4; lastKnownFileType = sourcecode.cpp.cpp; path = RobotStateMachine.cpp; sourceTree = "<group>"; };
		00380A7D1CF4D6A000023EB6 /* RobotStateMachine.h */ = {isa = PBXFileReference; fileEncoding = 4; lastKnownFileType = sourcecode.c.h; path = RobotStateMachine.h; sourceTree = "<group>"; };
		00380A7F1CF4D6A000023EB6 /* WorkSurface.h */ = {isa = PBXFileReference; fileEncoding = 4; lastKnownFileType = sourcecode.c.h; path = WorkSurface.h; sourceTree = "<group>"; };
		00380A801CF4D6A000023EB6 /* WorkSurface3D.cpp */ = {isa = PBXFileReference; fileEncoding = 4; lastKnownFileType = sourcecode.cpp.cpp; path = WorkSurface3D.cpp; sourceTree = "<group>"; };
		00380A811CF4D6A000023EB6 /* WorkSurface3D.h */ = {isa = PBXFileReference; fileEncoding = 4; lastKnownFileType = sourcecode.c.h; path = WorkSurface3D.h; sourceTree = "<group>"; };
		01DCC0911400F9ACF5B65578 /* ofxXmlSettings.h */ = {isa = PBXFileReference; explicitFileType = sourcecode.c.h; fileEncoding = 30; name = ofxXmlSettings.h; path = ../../../addons/ofxXmlSettings/src/ofxXmlSettings.h; sourceTree = SOURCE_ROOT; };
		0853C1E83DCC54A6D30F5C5A /* Hysteresis.h */ = {isa = PBXFileReference; explicitFileType = sourcecode.c.h; fileEncoding = 30; name = Hysteresis.h; path = ../../../addons/ofxTiming/src/Hysteresis.h; sourceTree = SOURCE_ROOT; };
		0A1DAC09F322AE313A40706D /* ofxToggle.h */ = {isa = PBXFileReference; explicitFileType = sourcecode.c.h; fileEncoding = 30; name = ofxToggle.h; path = ../../../addons/ofxGui/src/ofxToggle.h; sourceTree = SOURCE_ROOT; };
		0D702AA6218CF2E7333AFBA7 /* LibBase.h */ = {isa = PBXFileReference; explicitFileType = sourcecode.c.h; fileEncoding = 30; name = LibBase.h; path = ../../../addons/ofxGizmo/libs/LibGizmo/LibBase.h; sourceTree = SOURCE_ROOT; };
		0E3FB6D73DB6B260295B6855 /* LogStream.hpp */ = {isa = PBXFileReference; explicitFileType = sourcecode.c.h; fileEncoding = 30; name = LogStream.hpp; path = ../../../addons/ofxAssimpModelLoader/libs/assimp/include/assimp/LogStream.hpp; sourceTree = SOURCE_ROOT; };
		0EAE769591A0A91EAB53C484 /* GizmoTransformRotate.cpp */ = {isa = PBXFileReference; explicitFileType = sourcecode.cpp.cpp; fileEncoding = 30; name = GizmoTransformRotate.cpp; path = ../../../addons/ofxGizmo/libs/LibGizmo/GizmoTransformRotate.cpp; sourceTree = SOURCE_ROOT; };
		136F731EDA7630A1FE7A6DCD /* LerpTimer.h */ = {isa = PBXFileReference; explicitFileType = sourcecode.c.h; fileEncoding = 30; name = LerpTimer.h; path = ../../../addons/ofxTiming/src/LerpTimer.h; sourceTree = SOURCE_ROOT; };
		15F2C6477A769C03A56D1401 /* ofxSlider.cpp */ = {isa = PBXFileReference; explicitFileType = sourcecode.cpp.cpp; fileEncoding = 30; name = ofxSlider.cpp; path = ../../../addons/ofxGui/src/ofxSlider.cpp; sourceTree = SOURCE_ROOT; };
		1745304BC68B28EC148E6900 /* ofxGizmo.h */ = {isa = PBXFileReference; explicitFileType = sourcecode.c.h; fileEncoding = 30; name = ofxGizmo.h; path = ../../../addons/ofxGizmo/src/ofxGizmo.h; sourceTree = SOURCE_ROOT; };
		17E65988300FBD9AAA2CD0CA /* ofxGui.h */ = {isa = PBXFileReference; explicitFileType = sourcecode.c.h; fileEncoding = 30; name = ofxGui.h; path = ../../../addons/ofxGui/src/ofxGui.h; sourceTree = SOURCE_ROOT; };
		18D6965F094E05B40B20AFB8 /* IOStream.hpp */ = {isa = PBXFileReference; explicitFileType = sourcecode.c.h; fileEncoding = 30; name = IOStream.hpp; path = ../../../addons/ofxAssimpModelLoader/libs/assimp/include/assimp/IOStream.hpp; sourceTree = SOURCE_ROOT; };
		1C0DA2561397A7DE0246858B /* ofxGuiGroup.h */ = {isa = PBXFileReference; explicitFileType = sourcecode.c.h; fileEncoding = 30; name = ofxGuiGroup.h; path = ../../../addons/ofxGui/src/ofxGuiGroup.h; sourceTree = SOURCE_ROOT; };
		1E0C80A97E66F858E3720C91 /* quaternion.h */ = {isa = PBXFileReference; explicitFileType = sourcecode.c.h; fileEncoding = 30; name = quaternion.h; path = ../../../addons/ofxAssimpModelLoader/libs/assimp/include/assimp/quaternion.h; sourceTree = SOURCE_ROOT; };
		1F3A36FC9F5D38A7D10DEB9F /* ofxNatNet.cpp */ = {isa = PBXFileReference; explicitFileType = sourcecode.cpp.cpp; fileEncoding = 30; name = ofxNatNet.cpp; path = ../../../addons/ofxNatNet/src/ofxNatNet.cpp; sourceTree = SOURCE_ROOT; };
		221A6B45269330B270549CB3 /* texture.h */ = {isa = PBXFileReference; explicitFileType = sourcecode.c.h; fileEncoding = 30; name = texture.h; path = ../../../addons/ofxAssimpModelLoader/libs/assimp/include/assimp/texture.h; sourceTree = SOURCE_ROOT; };
		2412104B96C3E5E004D85DED /* cimport.h */ = {isa = PBXFileReference; explicitFileType = sourcecode.c.h; fileEncoding = 30; name = cimport.h; path = ../../../addons/ofxAssimpModelLoader/libs/assimp/include/assimp/cimport.h; sourceTree = SOURCE_ROOT; };
		24814572966A916B92F96257 /* DefaultLogger.hpp */ = {isa = PBXFileReference; explicitFileType = sourcecode.c.h; fileEncoding = 30; name = DefaultLogger.hpp; path = ../../../addons/ofxAssimpModelLoader/libs/assimp/include/assimp/DefaultLogger.hpp; sourceTree = SOURCE_ROOT; };
		26149D52CBE031B3F154D862 /* defs.h */ = {isa = PBXFileReference; explicitFileType = sourcecode.c.h; fileEncoding = 30; name = defs.h; path = ../../../addons/ofxAssimpModelLoader/libs/assimp/include/assimp/defs.h; sourceTree = SOURCE_ROOT; };
		2834D88A62CD23F3DE2C47D1 /* ofxButton.h */ = {isa = PBXFileReference; explicitFileType = sourcecode.c.h; fileEncoding = 30; name = ofxButton.h; path = ../../../addons/ofxGui/src/ofxButton.h; sourceTree = SOURCE_ROOT; };
		28A42A2103C59E7D30E9D245 /* Exporter.hpp */ = {isa = PBXFileReference; explicitFileType = sourcecode.c.h; fileEncoding = 30; name = Exporter.hpp; path = ../../../addons/ofxAssimpModelLoader/libs/assimp/include/assimp/Exporter.hpp; sourceTree = SOURCE_ROOT; };
		2B40EDA85BEB63E46785BC29 /* tinyxml.cpp */ = {isa = PBXFileReference; explicitFileType = sourcecode.cpp.cpp; fileEncoding = 30; name = tinyxml.cpp; path = ../../../addons/ofxXmlSettings/libs/tinyxml.cpp; sourceTree = SOURCE_ROOT; };
		2B629E4DB07A45391A420283 /* importerdesc.h */ = {isa = PBXFileReference; explicitFileType = sourcecode.c.h; fileEncoding = 30; name = importerdesc.h; path = ../../../addons/ofxAssimpModelLoader/libs/assimp/include/assimp/importerdesc.h; sourceTree = SOURCE_ROOT; };
		30EDC8EB62D9BAC574346AFD /* ofxGML.h */ = {isa = PBXFileReference; explicitFileType = sourcecode.c.h; fileEncoding = 30; name = ofxGML.h; path = ../../../addons/ofxGML/src/ofxGML.h; sourceTree = SOURCE_ROOT; };
		36068D6C1D6D412786A5C4C1 /* ofxAssimpAnimation.cpp */ = {isa = PBXFileReference; explicitFileType = sourcecode.cpp.cpp; fileEncoding = 30; name = ofxAssimpAnimation.cpp; path = ../../../addons/ofxAssimpModelLoader/src/ofxAssimpAnimation.cpp; sourceTree = SOURCE_ROOT; };
		37D4DEA1F4D0AEEC12CE355A /* FadeTimer.h */ = {isa = PBXFileReference; explicitFileType = sourcecode.c.h; fileEncoding = 30; name = FadeTimer.h; path = ../../../addons/ofxTiming/src/FadeTimer.h; sourceTree = SOURCE_ROOT; };
		389EE521B07BE2E894ACC362 /* ZBaseMaths.h */ = {isa = PBXFileReference; explicitFileType = sourcecode.c.h; fileEncoding = 30; name = ZBaseMaths.h; path = ../../../addons/ofxGizmo/libs/LibGizmo/ZBaseMaths.h; sourceTree = SOURCE_ROOT; };
		3D5F33D66F2F166A4E8EA438 /* cfileio.h */ = {isa = PBXFileReference; explicitFileType = sourcecode.c.h; fileEncoding = 30; name = cfileio.h; path = ../../../addons/ofxAssimpModelLoader/libs/assimp/include/assimp/cfileio.h; sourceTree = SOURCE_ROOT; };
		3DE27F8F3350100A56220776 /* ai_assert.h */ = {isa = PBXFileReference; explicitFileType = sourcecode.c.h; fileEncoding = 30; name = ai_assert.h; path = ../../../addons/ofxAssimpModelLoader/libs/assimp/include/assimp/ai_assert.h; sourceTree = SOURCE_ROOT; };
		3ED89351B05F58561F63B458 /* ofxNatNet.h */ = {isa = PBXFileReference; explicitFileType = sourcecode.c.h; fileEncoding = 30; name = ofxNatNet.h; path = ../../../addons/ofxNatNet/src/ofxNatNet.h; sourceTree = SOURCE_ROOT; };
		41DBF41AB15D7C33CA52C05F /* NullLogger.hpp */ = {isa = PBXFileReference; explicitFileType = sourcecode.c.h; fileEncoding = 30; name = NullLogger.hpp; path = ../../../addons/ofxAssimpModelLoader/libs/assimp/include/assimp/NullLogger.hpp; sourceTree = SOURCE_ROOT; };
		42B5D460590D03DC3009F243 /* material.h */ = {isa = PBXFileReference; explicitFileType = sourcecode.c.h; fileEncoding = 30; name = material.h; path = ../../../addons/ofxAssimpModelLoader/libs/assimp/include/assimp/material.h; sourceTree = SOURCE_ROOT; };
		42CF3D667745BC39E66B472C /* ofxPtf.h */ = {isa = PBXFileReference; explicitFileType = sourcecode.c.h; fileEncoding = 30; name = ofxPtf.h; path = ../../../addons/ofxPtf/src/ofxPtf.h; sourceTree = SOURCE_ROOT; };
		42D77E59A87937F5313E468D /* postprocess.h */ = {isa = PBXFileReference; explicitFileType = sourcecode.c.h; fileEncoding = 30; name = postprocess.h; path = ../../../addons/ofxAssimpModelLoader/libs/assimp/include/assimp/postprocess.h; sourceTree = SOURCE_ROOT; };
		46E5A67A084793468ED74D5B /* GizmoTransformMove.cpp */ = {isa = PBXFileReference; explicitFileType = sourcecode.cpp.cpp; fileEncoding = 30; name = GizmoTransformMove.cpp; path = ../../../addons/ofxGizmo/libs/LibGizmo/GizmoTransformMove.cpp; sourceTree = SOURCE_ROOT; };
		4FAE4A0F69A8990513603BDF /* ofxAssimpUtils.h */ = {isa = PBXFileReference; explicitFileType = sourcecode.c.h; fileEncoding = 30; name = ofxAssimpUtils.h; path = ../../../addons/ofxAssimpModelLoader/src/ofxAssimpUtils.h; sourceTree = SOURCE_ROOT; };
		50AF571137A6869FB18716D5 /* ZMathsFunc.h */ = {isa = PBXFileReference; explicitFileType = sourcecode.c.h; fileEncoding = 30; name = ZMathsFunc.h; path = ../../../addons/ofxGizmo/libs/LibGizmo/ZMathsFunc.h; sourceTree = SOURCE_ROOT; };
		50DF87D612C5AAE17AAFA6C0 /* ofxXmlSettings.cpp */ = {isa = PBXFileReference; explicitFileType = sourcecode.cpp.cpp; fileEncoding = 30; name = ofxXmlSettings.cpp; path = ../../../addons/ofxXmlSettings/src/ofxXmlSettings.cpp; sourceTree = SOURCE_ROOT; };
		52AFA1F08C420992CAAAE648 /* ofxSlider.h */ = {isa = PBXFileReference; explicitFileType = sourcecode.c.h; fileEncoding = 30; name = ofxSlider.h; path = ../../../addons/ofxGui/src/ofxSlider.h; sourceTree = SOURCE_ROOT; };
		5571DA36D741639FD5715042 /* ZMathsFunc.cpp */ = {isa = PBXFileReference; explicitFileType = sourcecode.cpp.cpp; fileEncoding = 30; name = ZMathsFunc.cpp; path = ../../../addons/ofxGizmo/libs/LibGizmo/ZMathsFunc.cpp; sourceTree = SOURCE_ROOT; };
		60106973CB36D5462ED7A8EA /* GizmoTransformScale.h */ = {isa = PBXFileReference; explicitFileType = sourcecode.c.h; fileEncoding = 30; name = GizmoTransformScale.h; path = ../../../addons/ofxGizmo/libs/LibGizmo/GizmoTransformScale.h; sourceTree = SOURCE_ROOT; };
		6308FEC6DC6B1700C7099DFF /* IGizmo.h */ = {isa = PBXFileReference; explicitFileType = sourcecode.c.h; fileEncoding = 30; name = IGizmo.h; path = ../../../addons/ofxGizmo/libs/LibGizmo/IGizmo.h; sourceTree = SOURCE_ROOT; };
		6A0E743407465957DB764ED3 /* mesh.h */ = {isa = PBXFileReference; explicitFileType = sourcecode.c.h; fileEncoding = 30; name = mesh.h; path = ../../../addons/ofxAssimpModelLoader/libs/assimp/include/assimp/mesh.h; sourceTree = SOURCE_ROOT; };
		6E069CE4C58E970E3429DBE5 /* Importer.hpp */ = {isa = PBXFileReference; explicitFileType = sourcecode.c.h; fileEncoding = 30; name = Importer.hpp; path = ../../../addons/ofxAssimpModelLoader/libs/assimp/include/assimp/Importer.hpp; sourceTree = SOURCE_ROOT; };
		6E5D9731EE0AF0961BFB8300 /* ParallelTransportFrames.cpp */ = {isa = PBXFileReference; explicitFileType = sourcecode.cpp.cpp; fileEncoding = 30; name = ParallelTransportFrames.cpp; path = ../../../addons/ofxPtf/src/ParallelTransportFrames.cpp; sourceTree = SOURCE_ROOT; };
		7620CA3C88E962880DCCC1A6 /* ofxTiming.h */ = {isa = PBXFileReference; explicitFileType = sourcecode.c.h; fileEncoding = 30; name = ofxTiming.h; path = ../../../addons/ofxTiming/src/ofxTiming.h; sourceTree = SOURCE_ROOT; };
		78D67A00EB899FAC09430597 /* ofxLabel.cpp */ = {isa = PBXFileReference; explicitFileType = sourcecode.cpp.cpp; fileEncoding = 30; name = ofxLabel.cpp; path = ../../../addons/ofxGui/src/ofxLabel.cpp; sourceTree = SOURCE_ROOT; };
		7920005E4069FBD68DF30F56 /* config.h */ = {isa = PBXFileReference; explicitFileType = sourcecode.c.h; fileEncoding = 30; name = config.h; path = ../../../addons/ofxAssimpModelLoader/libs/assimp/include/assimp/config.h; sourceTree = SOURCE_ROOT; };
		79E18F66440A2CC08B4F0996 /* GizmoTransformRotate.h */ = {isa = PBXFileReference; explicitFileType = sourcecode.c.h; fileEncoding = 30; name = GizmoTransformRotate.h; path = ../../../addons/ofxGizmo/libs/LibGizmo/GizmoTransformRotate.h; sourceTree = SOURCE_ROOT; };
		7B454555CF8F39CFBAAFDFA2 /* camera.h */ = {isa = PBXFileReference; explicitFileType = sourcecode.c.h; fileEncoding = 30; name = camera.h; path = ../../../addons/ofxAssimpModelLoader/libs/assimp/include/assimp/camera.h; sourceTree = SOURCE_ROOT; };
		7DF381F656E8FD352E21346E /* ofxAssimpModelLoader.h */ = {isa = PBXFileReference; explicitFileType = sourcecode.c.h; fileEncoding = 30; name = ofxAssimpModelLoader.h; path = ../../../addons/ofxAssimpModelLoader/src/ofxAssimpModelLoader.h; sourceTree = SOURCE_ROOT; };
		802251BAF1B35B1D67B32FD0 /* ofxSliderGroup.cpp */ = {isa = PBXFileReference; explicitFileType = sourcecode.cpp.cpp; fileEncoding = 30; name = ofxSliderGroup.cpp; path = ../../../addons/ofxGui/src/ofxSliderGroup.cpp; sourceTree = SOURCE_ROOT; };
		808F0EC060E7C8DA90947996 /* light.h */ = {isa = PBXFileReference; explicitFileType = sourcecode.c.h; fileEncoding = 30; name = light.h; path = ../../../addons/ofxAssimpModelLoader/libs/assimp/include/assimp/light.h; sourceTree = SOURCE_ROOT; };
		8090B616E3293BD0E1085AE8 /* metadata.h */ = {isa = PBXFileReference; explicitFileType = sourcecode.c.h; fileEncoding = 30; name = metadata.h; path = ../../../addons/ofxAssimpModelLoader/libs/assimp/include/assimp/metadata.h; sourceTree = SOURCE_ROOT; };
		832BDC407620CDBA568B713D /* tinyxmlerror.cpp */ = {isa = PBXFileReference; explicitFileType = sourcecode.cpp.cpp; fileEncoding = 30; name = tinyxmlerror.cpp; path = ../../../addons/ofxXmlSettings/libs/tinyxmlerror.cpp; sourceTree = SOURCE_ROOT; };
		87F26B4B24CBD428AD9EEBAA /* ofxBaseGui.h */ = {isa = PBXFileReference; explicitFileType = sourcecode.c.h; fileEncoding = 30; name = ofxBaseGui.h; path = ../../../addons/ofxGui/src/ofxBaseGui.h; sourceTree = SOURCE_ROOT; };
		89449E3044D456F7DE7BEA14 /* ofxPanel.h */ = {isa = PBXFileReference; explicitFileType = sourcecode.c.h; fileEncoding = 30; name = ofxPanel.h; path = ../../../addons/ofxGui/src/ofxPanel.h; sourceTree = SOURCE_ROOT; };
		8A4ADDF22CE7DB649CE8312B /* ofxGizmo.cpp */ = {isa = PBXFileReference; explicitFileType = sourcecode.cpp.cpp; fileEncoding = 30; name = ofxGizmo.cpp; path = ../../../addons/ofxGizmo/src/ofxGizmo.cpp; sourceTree = SOURCE_ROOT; };
		8B473495EAE4247AC1A851F1 /* ofxAssimpTexture.h */ = {isa = PBXFileReference; explicitFileType = sourcecode.c.h; fileEncoding = 30; name = ofxAssimpTexture.h; path = ../../../addons/ofxAssimpModelLoader/src/ofxAssimpTexture.h; sourceTree = SOURCE_ROOT; };
		8C1263988BAD8EF51EE807C1 /* ParallelTransportFrames.h */ = {isa = PBXFileReference; explicitFileType = sourcecode.c.h; fileEncoding = 30; name = ParallelTransportFrames.h; path = ../../../addons/ofxPtf/src/ParallelTransportFrames.h; sourceTree = SOURCE_ROOT; };
		907C5B5E104864A2D3A25745 /* ofxToggle.cpp */ = {isa = PBXFileReference; explicitFileType = sourcecode.cpp.cpp; fileEncoding = 30; name = ofxToggle.cpp; path = ../../../addons/ofxGui/src/ofxToggle.cpp; sourceTree = SOURCE_ROOT; };
		9339B8AD0EF31B7708C53B9F /* ProgressHandler.hpp */ = {isa = PBXFileReference; explicitFileType = sourcecode.c.h; fileEncoding = 30; name = ProgressHandler.hpp; path = ../../../addons/ofxAssimpModelLoader/libs/assimp/include/assimp/ProgressHandler.hpp; sourceTree = SOURCE_ROOT; };
		95067C8021B0D29AD193312B /* GizmoTransformMove.h */ = {isa = PBXFileReference; explicitFileType = sourcecode.c.h; fileEncoding = 30; name = GizmoTransformMove.h; path = ../../../addons/ofxGizmo/libs/LibGizmo/GizmoTransformMove.h; sourceTree = SOURCE_ROOT; };
		9604B925D32EE39065747725 /* ofxBaseGui.cpp */ = {isa = PBXFileReference; explicitFileType = sourcecode.cpp.cpp; fileEncoding = 30; name = ofxBaseGui.cpp; path = ../../../addons/ofxGui/src/ofxBaseGui.cpp; sourceTree = SOURCE_ROOT; };
		96EBF8A6CD3F11C79F7950BC /* cexport.h */ = {isa = PBXFileReference; explicitFileType = sourcecode.c.h; fileEncoding = 30; name = cexport.h; path = ../../../addons/ofxAssimpModelLoader/libs/assimp/include/assimp/cexport.h; sourceTree = SOURCE_ROOT; };
		98033501202172DF458BD6CF /* vector2.h */ = {isa = PBXFileReference; explicitFileType = sourcecode.c.h; fileEncoding = 30; name = vector2.h; path = ../../../addons/ofxAssimpModelLoader/libs/assimp/include/assimp/vector2.h; sourceTree = SOURCE_ROOT; };
		9A5DAADD2DFD7F6E8784E8AC /* GizmoTransformRender.h */ = {isa = PBXFileReference; explicitFileType = sourcecode.c.h; fileEncoding = 30; name = GizmoTransformRender.h; path = ../../../addons/ofxGizmo/libs/LibGizmo/GizmoTransformRender.h; sourceTree = SOURCE_ROOT; };
		9CE6814AF2746D4770EAB7E9 /* ZBaseDefs.h */ = {isa = PBXFileReference; explicitFileType = sourcecode.c.h; fileEncoding = 30; name = ZBaseDefs.h; path = ../../../addons/ofxGizmo/libs/LibGizmo/ZBaseDefs.h; sourceTree = SOURCE_ROOT; };
		9FECF0FCF0CCAEC9C58FE54F /* version.h */ = {isa = PBXFileReference; explicitFileType = sourcecode.c.h; fileEncoding = 30; name = version.h; path = ../../../addons/ofxAssimpModelLoader/libs/assimp/include/assimp/version.h; sourceTree = SOURCE_ROOT; };
		A6197D72F51ED9030D7C5F16 /* vector3.h */ = {isa = PBXFileReference; explicitFileType = sourcecode.c.h; fileEncoding = 30; name = vector3.h; path = ../../../addons/ofxAssimpModelLoader/libs/assimp/include/assimp/vector3.h; sourceTree = SOURCE_ROOT; };
		A7579B6BD9B77152BF320192 /* matrix4x4.h */ = {isa = PBXFileReference; explicitFileType = sourcecode.c.h; fileEncoding = 30; name = matrix4x4.h; path = ../../../addons/ofxAssimpModelLoader/libs/assimp/include/assimp/matrix4x4.h; sourceTree = SOURCE_ROOT; };
		ADAE582E4696B9BD64E5B2B8 /* IOSystem.hpp */ = {isa = PBXFileReference; explicitFileType = sourcecode.c.h; fileEncoding = 30; name = IOSystem.hpp; path = ../../../addons/ofxAssimpModelLoader/libs/assimp/include/assimp/IOSystem.hpp; sourceTree = SOURCE_ROOT; };
		AED6F84D8DABA623CAF59F13 /* color4.h */ = {isa = PBXFileReference; explicitFileType = sourcecode.c.h; fileEncoding = 30; name = color4.h; path = ../../../addons/ofxAssimpModelLoader/libs/assimp/include/assimp/color4.h; sourceTree = SOURCE_ROOT; };
		B0E9FD47655BB938D2540CD4 /* ZCollisionsUtils.h */ = {isa = PBXFileReference; explicitFileType = sourcecode.c.h; fileEncoding = 30; name = ZCollisionsUtils.h; path = ../../../addons/ofxGizmo/libs/LibGizmo/ZCollisionsUtils.h; sourceTree = SOURCE_ROOT; };
		B21E7E5F548EEA92F368040B /* tinyxml.h */ = {isa = PBXFileReference; explicitFileType = sourcecode.c.h; fileEncoding = 30; name = tinyxml.h; path = ../../../addons/ofxXmlSettings/libs/tinyxml.h; sourceTree = SOURCE_ROOT; };
		B49364860623966C182D611B /* tagReader.h */ = {isa = PBXFileReference; explicitFileType = sourcecode.c.h; fileEncoding = 30; name = tagReader.h; path = ../../../addons/ofxGML/src/gml/tagReader.h; sourceTree = SOURCE_ROOT; };
		B6F2EE44AD04FF549AB13699 /* ofxAssimpTexture.cpp */ = {isa = PBXFileReference; explicitFileType = sourcecode.cpp.cpp; fileEncoding = 30; name = ofxAssimpTexture.cpp; path = ../../../addons/ofxAssimpModelLoader/src/ofxAssimpTexture.cpp; sourceTree = SOURCE_ROOT; };
		B87C60311EC1FE841C1ECD89 /* ofxLabel.h */ = {isa = PBXFileReference; explicitFileType = sourcecode.c.h; fileEncoding = 30; name = ofxLabel.h; path = ../../../addons/ofxGui/src/ofxLabel.h; sourceTree = SOURCE_ROOT; };
		B9E58FA154DEDDC5329ABED3 /* GizmoTransform.h */ = {isa = PBXFileReference; explicitFileType = sourcecode.c.h; fileEncoding = 30; name = GizmoTransform.h; path = ../../../addons/ofxGizmo/libs/LibGizmo/GizmoTransform.h; sourceTree = SOURCE_ROOT; };
		BB503F534BC39BB8E1699F73 /* GizmoTransformRender.cpp */ = {isa = PBXFileReference; explicitFileType = sourcecode.cpp.cpp; fileEncoding = 30; name = GizmoTransformRender.cpp; path = ../../../addons/ofxGizmo/libs/LibGizmo/GizmoTransformRender.cpp; sourceTree = SOURCE_ROOT; };
		BE7DB470D57A91A0701B9FCD /* tagWriter.cpp */ = {isa = PBXFileReference; explicitFileType = sourcecode.cpp.cpp; fileEncoding = 30; name = tagWriter.cpp; path = ../../../addons/ofxGML/src/gml/tagWriter.cpp; sourceTree = SOURCE_ROOT; };
		C1638C371AC7701E1A4D6671 /* types.h */ = {isa = PBXFileReference; explicitFileType = sourcecode.c.h; fileEncoding = 30; name = types.h; path = ../../../addons/ofxAssimpModelLoader/libs/assimp/include/assimp/types.h; sourceTree = SOURCE_ROOT; };
		C224E0400677911C78D08627 /* poppack1.h */ = {isa = PBXFileReference; explicitFileType = sourcecode.c.h; fileEncoding = 30; name = poppack1.h; path = ../../../addons/ofxAssimpModelLoader/libs/assimp/include/assimp/Compiler/poppack1.h; sourceTree = SOURCE_ROOT; };
		C70D8946940288799E82131E /* ofxSliderGroup.h */ = {isa = PBXFileReference; explicitFileType = sourcecode.c.h; fileEncoding = 30; name = ofxSliderGroup.h; path = ../../../addons/ofxGui/src/ofxSliderGroup.h; sourceTree = SOURCE_ROOT; };
		C88333E71C9457E441C33474 /* ofxButton.cpp */ = {isa = PBXFileReference; explicitFileType = sourcecode.cpp.cpp; fileEncoding = 30; name = ofxButton.cpp; path = ../../../addons/ofxGui/src/ofxButton.cpp; sourceTree = SOURCE_ROOT; };
		D1B370068072AAB890CD42D2 /* pstdint.h */ = {isa = PBXFileReference; explicitFileType = sourcecode.c.h; fileEncoding = 30; name = pstdint.h; path = ../../../addons/ofxAssimpModelLoader/libs/assimp/include/assimp/Compiler/pstdint.h; sourceTree = SOURCE_ROOT; };
		D2841F49C423B13E5FE1D6A8 /* tagReader.cpp */ = {isa = PBXFileReference; explicitFileType = sourcecode.cpp.cpp; fileEncoding = 30; name = tagReader.cpp; path = ../../../addons/ofxGML/src/gml/tagReader.cpp; sourceTree = SOURCE_ROOT; };
		D501EB9AF5A65F43CB972589 /* matrix3x3.h */ = {isa = PBXFileReference; explicitFileType = sourcecode.c.h; fileEncoding = 30; name = matrix3x3.h; path = ../../../addons/ofxAssimpModelLoader/libs/assimp/include/assimp/matrix3x3.h; sourceTree = SOURCE_ROOT; };
		D825FF1F1EA48B305BB428B7 /* scene.h */ = {isa = PBXFileReference; explicitFileType = sourcecode.c.h; fileEncoding = 30; name = scene.h; path = ../../../addons/ofxAssimpModelLoader/libs/assimp/include/assimp/scene.h; sourceTree = SOURCE_ROOT; };
		DEF09DF951DBD1CB252E2064 /* GizmoTransformScale.cpp */ = {isa = PBXFileReference; explicitFileType = sourcecode.cpp.cpp; fileEncoding = 30; name = GizmoTransformScale.cpp; path = ../../../addons/ofxGizmo/libs/LibGizmo/GizmoTransformScale.cpp; sourceTree = SOURCE_ROOT; };
		E112B3AEBEA2C091BF2B40AE /* ofxPanel.cpp */ = {isa = PBXFileReference; explicitFileType = sourcecode.cpp.cpp; fileEncoding = 30; name = ofxPanel.cpp; path = ../../../addons/ofxGui/src/ofxPanel.cpp; sourceTree = SOURCE_ROOT; };
		E29B894615B821AE7C356646 /* ZBaseMaths.cpp */ = {isa = PBXFileReference; explicitFileType = sourcecode.cpp.cpp; fileEncoding = 30; name = ZBaseMaths.cpp; path = ../../../addons/ofxGizmo/libs/LibGizmo/ZBaseMaths.cpp; sourceTree = SOURCE_ROOT; };
		E4328143138ABC890047C5CB /* openFrameworksLib.xcodeproj */ = {isa = PBXFileReference; lastKnownFileType = "wrapper.pb-project"; name = openFrameworksLib.xcodeproj; path = ../../../libs/openFrameworksCompiled/project/osx/openFrameworksLib.xcodeproj; sourceTree = SOURCE_ROOT; };
		E4B69B5B0A3A1756003C02F2 /* example-follow-mocap-pathDebug.app */ = {isa = PBXFileReference; explicitFileType = wrapper.application; includeInIndex = 0; path = "example-follow-mocap-pathDebug.app"; sourceTree = BUILT_PRODUCTS_DIR; };
		E4B69E1D0A3A1BDC003C02F2 /* main.cpp */ = {isa = PBXFileReference; fileEncoding = 30; lastKnownFileType = sourcecode.cpp.cpp; name = main.cpp; path = src/main.cpp; sourceTree = SOURCE_ROOT; };
		E4B69E1E0A3A1BDC003C02F2 /* ofApp.cpp */ = {isa = PBXFileReference; explicitFileType = sourcecode.cpp.cpp; fileEncoding = 30; name = ofApp.cpp; path = src/ofApp.cpp; sourceTree = SOURCE_ROOT; };
		E4B69E1F0A3A1BDC003C02F2 /* ofApp.h */ = {isa = PBXFileReference; fileEncoding = 30; lastKnownFileType = sourcecode.c.h; name = ofApp.h; path = src/ofApp.h; sourceTree = SOURCE_ROOT; };
		E4B6FCAD0C3E899E008CF71C /* openFrameworks-Info.plist */ = {isa = PBXFileReference; fileEncoding = 30; lastKnownFileType = text.plist.xml; path = "openFrameworks-Info.plist"; sourceTree = "<group>"; };
		E4EB691F138AFCF100A09F29 /* CoreOF.xcconfig */ = {isa = PBXFileReference; fileEncoding = 4; lastKnownFileType = text.xcconfig; name = CoreOF.xcconfig; path = ../../../libs/openFrameworksCompiled/project/osx/CoreOF.xcconfig; sourceTree = SOURCE_ROOT; };
		E4EB6923138AFD0F00A09F29 /* Project.xcconfig */ = {isa = PBXFileReference; fileEncoding = 4; lastKnownFileType = text.xcconfig; path = Project.xcconfig; sourceTree = "<group>"; };
		E83EDA0A1919173D8498F392 /* anim.h */ = {isa = PBXFileReference; explicitFileType = sourcecode.c.h; fileEncoding = 30; name = anim.h; path = ../../../addons/ofxAssimpModelLoader/libs/assimp/include/assimp/anim.h; sourceTree = SOURCE_ROOT; };
		E92275543B25AAC2D5BDA762 /* DelayTimer.h */ = {isa = PBXFileReference; explicitFileType = sourcecode.c.h; fileEncoding = 30; name = DelayTimer.h; path = ../../../addons/ofxTiming/src/DelayTimer.h; sourceTree = SOURCE_ROOT; };
		EA83DF139B3F2085C1A56C49 /* ofxAssimpAnimation.h */ = {isa = PBXFileReference; explicitFileType = sourcecode.c.h; fileEncoding = 30; name = ofxAssimpAnimation.h; path = ../../../addons/ofxAssimpModelLoader/src/ofxAssimpAnimation.h; sourceTree = SOURCE_ROOT; };
		ECF8674C7975F1063C5E30CA /* ofxGuiGroup.cpp */ = {isa = PBXFileReference; explicitFileType = sourcecode.cpp.cpp; fileEncoding = 30; name = ofxGuiGroup.cpp; path = ../../../addons/ofxGui/src/ofxGuiGroup.cpp; sourceTree = SOURCE_ROOT; };
		EDE55D82BD962DAC0E94B708 /* ofxAssimpModelLoader.cpp */ = {isa = PBXFileReference; explicitFileType = sourcecode.cpp.cpp; fileEncoding = 30; name = ofxAssimpModelLoader.cpp; path = ../../../addons/ofxAssimpModelLoader/src/ofxAssimpModelLoader.cpp; sourceTree = SOURCE_ROOT; };
		EED8C389555EA379BDFA5BD5 /* Logger.hpp */ = {isa = PBXFileReference; explicitFileType = sourcecode.c.h; fileEncoding = 30; name = Logger.hpp; path = ../../../addons/ofxAssimpModelLoader/libs/assimp/include/assimp/Logger.hpp; sourceTree = SOURCE_ROOT; };
		F0BBBD032D905D92679D83E6 /* ofxAssimpMeshHelper.h */ = {isa = PBXFileReference; explicitFileType = sourcecode.c.h; fileEncoding = 30; name = ofxAssimpMeshHelper.h; path = ../../../addons/ofxAssimpModelLoader/src/ofxAssimpMeshHelper.h; sourceTree = SOURCE_ROOT; };
		F38BBAA2F93DED836503E450 /* pushpack1.h */ = {isa = PBXFileReference; explicitFileType = sourcecode.c.h; fileEncoding = 30; name = pushpack1.h; path = ../../../addons/ofxAssimpModelLoader/libs/assimp/include/assimp/Compiler/pushpack1.h; sourceTree = SOURCE_ROOT; };
		F4D1BF6330BE3A8690AD22FF /* tagWriter.h */ = {isa = PBXFileReference; explicitFileType = sourcecode.c.h; fileEncoding = 30; name = tagWriter.h; path = ../../../addons/ofxGML/src/gml/tagWriter.h; sourceTree = SOURCE_ROOT; };
		F67FE68E327BEFBD4B777571 /* ofxAssimpMeshHelper.cpp */ = {isa = PBXFileReference; explicitFileType = sourcecode.cpp.cpp; fileEncoding = 30; name = ofxAssimpMeshHelper.cpp; path = ../../../addons/ofxAssimpModelLoader/src/ofxAssimpMeshHelper.cpp; sourceTree = SOURCE_ROOT; };
		F83C455FD621A83C98719147 /* RateTimer.h */ = {isa = PBXFileReference; explicitFileType = sourcecode.c.h; fileEncoding = 30; name = RateTimer.h; path = ../../../addons/ofxTiming/src/RateTimer.h; sourceTree = SOURCE_ROOT; };
		FC5DA1C87211D4F6377DA719 /* tinyxmlparser.cpp */ = {isa = PBXFileReference; explicitFileType = sourcecode.cpp.cpp; fileEncoding = 30; name = tinyxmlparser.cpp; path = ../../../addons/ofxXmlSettings/libs/tinyxmlparser.cpp; sourceTree = SOURCE_ROOT; };
/* End PBXFileReference section */

/* Begin PBXFrameworksBuildPhase section */
		E4B69B590A3A1756003C02F2 /* Frameworks */ = {
			isa = PBXFrameworksBuildPhase;
			buildActionMask = 2147483647;
			files = (
				E4328149138ABC9F0047C5CB /* openFrameworksDebug.a in Frameworks */,
			);
			runOnlyForDeploymentPostprocessing = 0;
		};
/* End PBXFrameworksBuildPhase section */

/* Begin PBXGroup section */
		00380A451CF4D6A000023EB6 /* ofxURDriver */ = {
			isa = PBXGroup;
			children = (
				00380A461CF4D6A000023EB6 /* lib */,
				00380A591CF4D6A000023EB6 /* LICENSE */,
				00380A5A1CF4D6A000023EB6 /* src */,
			);
			name = ofxURDriver;
			path = ../../ofxURDriver;
			sourceTree = "<group>";
		};
		00380A461CF4D6A000023EB6 /* lib */ = {
			isa = PBXGroup;
			children = (
				00380A471CF4D6A000023EB6 /* urDriver */,
				00380A551CF4D6A000023EB6 /* urKinematics */,
			);
			path = lib;
			sourceTree = "<group>";
		};
		00380A471CF4D6A000023EB6 /* urDriver */ = {
			isa = PBXGroup;
			children = (
				00380A481CF4D6A000023EB6 /* do_output.cpp */,
				00380A491CF4D6A000023EB6 /* do_output.h */,
				00380A4A1CF4D6A000023EB6 /* endian.h */,
				00380A4B1CF4D6A000023EB6 /* robot_state.cpp */,
				00380A4C1CF4D6A000023EB6 /* robot_state.h */,
				00380A4D1CF4D6A000023EB6 /* robot_state_RT.cpp */,
				00380A4E1CF4D6A000023EB6 /* robot_state_RT.h */,
				00380A4F1CF4D6A000023EB6 /* ur_communication.cpp */,
				00380A501CF4D6A000023EB6 /* ur_communication.h */,
				00380A511CF4D6A000023EB6 /* ur_driver.cpp */,
				00380A521CF4D6A000023EB6 /* ur_driver.h */,
				00380A531CF4D6A000023EB6 /* ur_realtime_communication.cpp */,
				00380A541CF4D6A000023EB6 /* ur_realtime_communication.h */,
			);
			path = urDriver;
			sourceTree = "<group>";
		};
		00380A551CF4D6A000023EB6 /* urKinematics */ = {
			isa = PBXGroup;
			children = (
				00380A561CF4D6A000023EB6 /* ikfast.h */,
				00380A571CF4D6A000023EB6 /* ur_kin.cpp */,
				00380A581CF4D6A000023EB6 /* ur_kin.h */,
			);
			path = urKinematics;
			sourceTree = "<group>";
		};
		00380A5A1CF4D6A000023EB6 /* src */ = {
			isa = PBXGroup;
			children = (
				00380A5B1CF4D6A000023EB6 /* ofxURDriver.h */,
				00380A5C1CF4D6A000023EB6 /* Synchronized.h */,
				00380A5D1CF4D6A000023EB6 /* UR5KinematicModel.cpp */,
				00380A5E1CF4D6A000023EB6 /* UR5KinematicModel.h */,
				00380A5F1CF4D6A000023EB6 /* URDriver.cpp */,
				00380A601CF4D6A000023EB6 /* URDriver.h */,
				00380A611CF4D6A000023EB6 /* URMove.cpp */,
				00380A621CF4D6A000023EB6 /* URMove.h */,
				00380A631CF4D6A000023EB6 /* URToolHead.cpp */,
				00380A641CF4D6A000023EB6 /* URToolHead.h */,
				00380A651CF4D6A000023EB6 /* URUtils.h */,
			);
			path = src;
			sourceTree = "<group>";
		};
		00380A661CF4D6A000023EB6 /* sharedCode */ = {
			isa = PBXGroup;
			children = (
				00380A691CF4D6A000023EB6 /* controllers */,
				00380A6E1CF4D6A000023EB6 /* path */,
				00380A751CF4D6A000023EB6 /* utils */,
				00380A7E1CF4D6A000023EB6 /* world */,
			);
			name = sharedCode;
			path = ../../sharedCode;
			sourceTree = "<group>";
		};
		00380A691CF4D6A000023EB6 /* controllers */ = {
			isa = PBXGroup;
			children = (
				00380A6A1CF4D6A000023EB6 /* PathController.cpp */,
				00380A6B1CF4D6A000023EB6 /* PathController.h */,
				00380A6C1CF4D6A000023EB6 /* RobotController.cpp */,
				00380A6D1CF4D6A000023EB6 /* RobotController.h */,
			);
			path = controllers;
			sourceTree = "<group>";
		};
		00380A6E1CF4D6A000023EB6 /* path */ = {
			isa = PBXGroup;
			children = (
				00380A6F1CF4D6A000023EB6 /* GMLPath.cpp */,
				00380A701CF4D6A000023EB6 /* GMLPath.h */,
				00380A711CF4D6A000023EB6 /* Path.cpp */,
				00380A721CF4D6A000023EB6 /* Path.h */,
				00380A731CF4D6A000023EB6 /* Path3D.cpp */,
				00380A741CF4D6A000023EB6 /* Path3D.h */,
			);
			path = path;
			sourceTree = "<group>";
		};
		00380A751CF4D6A000023EB6 /* utils */ = {
			isa = PBXGroup;
			children = (
				00380A761CF4D6A000023EB6 /* ofxTimeline */,
				00380A771CF4D6A000023EB6 /* PathPlayer.cpp */,
				00380A781CF4D6A000023EB6 /* PathPlayer.h */,
				00380A791CF4D6A000023EB6 /* PathRecorder.cpp */,
				00380A7A1CF4D6A000023EB6 /* PathRecorder.h */,
				00380A7B1CF4D6A000023EB6 /* RobotParameters.h */,
				00380A7C1CF4D6A000023EB6 /* RobotStateMachine.cpp */,
				00380A7D1CF4D6A000023EB6 /* RobotStateMachine.h */,
			);
			path = utils;
			sourceTree = "<group>";
		};
		00380A761CF4D6A000023EB6 /* ofxTimeline */ = {
			isa = PBXGroup;
			children = (
			);
			path = ofxTimeline;
			sourceTree = "<group>";
		};
		00380A7E1CF4D6A000023EB6 /* world */ = {
			isa = PBXGroup;
			children = (
				00380A7F1CF4D6A000023EB6 /* WorkSurface.h */,
				00380A801CF4D6A000023EB6 /* WorkSurface3D.cpp */,
				00380A811CF4D6A000023EB6 /* WorkSurface3D.h */,
			);
			path = world;
			sourceTree = "<group>";
		};
		1326C512D5EF8A07E338BC12 /* src */ = {
			isa = PBXGroup;
			children = (
				1F3A36FC9F5D38A7D10DEB9F /* ofxNatNet.cpp */,
				3ED89351B05F58561F63B458 /* ofxNatNet.h */,
			);
			name = src;
			sourceTree = "<group>";
		};
		1F4FB5C423662B96ADFDCC0B /* ofxXmlSettings */ = {
			isa = PBXGroup;
			children = (
				6ECEF0D76BC33727823EADFF /* src */,
				6E54289412D2D94F45A05113 /* libs */,
			);
			name = ofxXmlSettings;
			sourceTree = "<group>";
		};
		2C8F245ACBE61E28646C17F2 /* ofxAssimpModelLoader */ = {
			isa = PBXGroup;
			children = (
				9D99F547CA5C0ECCB9EB9806 /* src */,
				C721A9AF1157766AFE54645E /* libs */,
			);
			name = ofxAssimpModelLoader;
			sourceTree = "<group>";
		};
		3990BDD3729EB86DA1712921 /* ofxGML */ = {
			isa = PBXGroup;
			children = (
				7B741AE66DDC729C62D1EB6A /* src */,
			);
			name = ofxGML;
			sourceTree = "<group>";
		};
		480A780D8D0308AE4A368801 /* ofxGui */ = {
			isa = PBXGroup;
			children = (
				A763ED608B35AE3310251DEE /* src */,
			);
			name = ofxGui;
			sourceTree = "<group>";
		};
		57CE74485B53B82183FFCDD7 /* LibGizmo */ = {
			isa = PBXGroup;
			children = (
				B9E58FA154DEDDC5329ABED3 /* GizmoTransform.h */,
				46E5A67A084793468ED74D5B /* GizmoTransformMove.cpp */,
				95067C8021B0D29AD193312B /* GizmoTransformMove.h */,
				BB503F534BC39BB8E1699F73 /* GizmoTransformRender.cpp */,
				9A5DAADD2DFD7F6E8784E8AC /* GizmoTransformRender.h */,
				0EAE769591A0A91EAB53C484 /* GizmoTransformRotate.cpp */,
				79E18F66440A2CC08B4F0996 /* GizmoTransformRotate.h */,
				DEF09DF951DBD1CB252E2064 /* GizmoTransformScale.cpp */,
				60106973CB36D5462ED7A8EA /* GizmoTransformScale.h */,
				6308FEC6DC6B1700C7099DFF /* IGizmo.h */,
				0D702AA6218CF2E7333AFBA7 /* LibBase.h */,
				9CE6814AF2746D4770EAB7E9 /* ZBaseDefs.h */,
				E29B894615B821AE7C356646 /* ZBaseMaths.cpp */,
				389EE521B07BE2E894ACC362 /* ZBaseMaths.h */,
				B0E9FD47655BB938D2540CD4 /* ZCollisionsUtils.h */,
				5571DA36D741639FD5715042 /* ZMathsFunc.cpp */,
				50AF571137A6869FB18716D5 /* ZMathsFunc.h */,
			);
			name = LibGizmo;
			sourceTree = "<group>";
		};
		59905D957FDE48902CF1F729 /* assimp */ = {
			isa = PBXGroup;
			children = (
				EEFDD7AE0009AE6F77EF2A93 /* include */,
			);
			name = assimp;
			sourceTree = "<group>";
		};
		59FA54DB5A1D084EC4FBB17E /* src */ = {
			isa = PBXGroup;
			children = (
				8A4ADDF22CE7DB649CE8312B /* ofxGizmo.cpp */,
				1745304BC68B28EC148E6900 /* ofxGizmo.h */,
			);
			name = src;
			sourceTree = "<group>";
		};
		67AD613537D3ED7FD883659E /* assimp */ = {
			isa = PBXGroup;
			children = (
				3DE27F8F3350100A56220776 /* ai_assert.h */,
				E83EDA0A1919173D8498F392 /* anim.h */,
				7B454555CF8F39CFBAAFDFA2 /* camera.h */,
				96EBF8A6CD3F11C79F7950BC /* cexport.h */,
				3D5F33D66F2F166A4E8EA438 /* cfileio.h */,
				2412104B96C3E5E004D85DED /* cimport.h */,
				AED6F84D8DABA623CAF59F13 /* color4.h */,
				B77F1220F7C30BFF6034CC97 /* Compiler */,
				7920005E4069FBD68DF30F56 /* config.h */,
				24814572966A916B92F96257 /* DefaultLogger.hpp */,
				26149D52CBE031B3F154D862 /* defs.h */,
				28A42A2103C59E7D30E9D245 /* Exporter.hpp */,
				6E069CE4C58E970E3429DBE5 /* Importer.hpp */,
				2B629E4DB07A45391A420283 /* importerdesc.h */,
				18D6965F094E05B40B20AFB8 /* IOStream.hpp */,
				ADAE582E4696B9BD64E5B2B8 /* IOSystem.hpp */,
				808F0EC060E7C8DA90947996 /* light.h */,
				EED8C389555EA379BDFA5BD5 /* Logger.hpp */,
				0E3FB6D73DB6B260295B6855 /* LogStream.hpp */,
				42B5D460590D03DC3009F243 /* material.h */,
				D501EB9AF5A65F43CB972589 /* matrix3x3.h */,
				A7579B6BD9B77152BF320192 /* matrix4x4.h */,
				6A0E743407465957DB764ED3 /* mesh.h */,
				8090B616E3293BD0E1085AE8 /* metadata.h */,
				41DBF41AB15D7C33CA52C05F /* NullLogger.hpp */,
				42D77E59A87937F5313E468D /* postprocess.h */,
				9339B8AD0EF31B7708C53B9F /* ProgressHandler.hpp */,
				1E0C80A97E66F858E3720C91 /* quaternion.h */,
				D825FF1F1EA48B305BB428B7 /* scene.h */,
				221A6B45269330B270549CB3 /* texture.h */,
				C1638C371AC7701E1A4D6671 /* types.h */,
				98033501202172DF458BD6CF /* vector2.h */,
				A6197D72F51ED9030D7C5F16 /* vector3.h */,
				9FECF0FCF0CCAEC9C58FE54F /* version.h */,
			);
			name = assimp;
			sourceTree = "<group>";
		};
		68D923D7C7F49BBBB63884F5 /* src */ = {
			isa = PBXGroup;
			children = (
				E92275543B25AAC2D5BDA762 /* DelayTimer.h */,
				37D4DEA1F4D0AEEC12CE355A /* FadeTimer.h */,
				0853C1E83DCC54A6D30F5C5A /* Hysteresis.h */,
				136F731EDA7630A1FE7A6DCD /* LerpTimer.h */,
				7620CA3C88E962880DCCC1A6 /* ofxTiming.h */,
				F83C455FD621A83C98719147 /* RateTimer.h */,
			);
			name = src;
			sourceTree = "<group>";
		};
		6948EE371B920CB800B5AC1A /* local_addons */ = {
			isa = PBXGroup;
			children = (
			);
			name = local_addons;
			sourceTree = "<group>";
		};
		6E54289412D2D94F45A05113 /* libs */ = {
			isa = PBXGroup;
			children = (
				2B40EDA85BEB63E46785BC29 /* tinyxml.cpp */,
				B21E7E5F548EEA92F368040B /* tinyxml.h */,
				832BDC407620CDBA568B713D /* tinyxmlerror.cpp */,
				FC5DA1C87211D4F6377DA719 /* tinyxmlparser.cpp */,
			);
			name = libs;
			sourceTree = "<group>";
		};
		6ECEF0D76BC33727823EADFF /* src */ = {
			isa = PBXGroup;
			children = (
				50DF87D612C5AAE17AAFA6C0 /* ofxXmlSettings.cpp */,
				01DCC0911400F9ACF5B65578 /* ofxXmlSettings.h */,
			);
			name = src;
			sourceTree = "<group>";
		};
		700C3A140B32278B71B6B90A /* src */ = {
			isa = PBXGroup;
			children = (
				42CF3D667745BC39E66B472C /* ofxPtf.h */,
				6E5D9731EE0AF0961BFB8300 /* ParallelTransportFrames.cpp */,
				8C1263988BAD8EF51EE807C1 /* ParallelTransportFrames.h */,
			);
			name = src;
			sourceTree = "<group>";
		};
		7B741AE66DDC729C62D1EB6A /* src */ = {
			isa = PBXGroup;
			children = (
				9F47F6577745F31D0E523AC7 /* gml */,
				30EDC8EB62D9BAC574346AFD /* ofxGML.h */,
			);
			name = src;
			sourceTree = "<group>";
		};
		7BE4B635EB972225AD764197 /* ofxGizmo */ = {
			isa = PBXGroup;
			children = (
				59FA54DB5A1D084EC4FBB17E /* src */,
				A5F4A736EE86A7F1BC3D8C53 /* libs */,
			);
			name = ofxGizmo;
			sourceTree = "<group>";
		};
		8127CCF7E18A4765F290687E /* ofxTiming */ = {
			isa = PBXGroup;
			children = (
				68D923D7C7F49BBBB63884F5 /* src */,
			);
			name = ofxTiming;
			sourceTree = "<group>";
		};
		987B3A088F337E8FF6045A15 /* ofxPtf */ = {
			isa = PBXGroup;
			children = (
				700C3A140B32278B71B6B90A /* src */,
			);
			name = ofxPtf;
			sourceTree = "<group>";
		};
		9BAC8758F307EC8672EA99CE /* ofxNatNet */ = {
			isa = PBXGroup;
			children = (
				1326C512D5EF8A07E338BC12 /* src */,
			);
			name = ofxNatNet;
			sourceTree = "<group>";
		};
		9D99F547CA5C0ECCB9EB9806 /* src */ = {
			isa = PBXGroup;
			children = (
				36068D6C1D6D412786A5C4C1 /* ofxAssimpAnimation.cpp */,
				EA83DF139B3F2085C1A56C49 /* ofxAssimpAnimation.h */,
				F67FE68E327BEFBD4B777571 /* ofxAssimpMeshHelper.cpp */,
				F0BBBD032D905D92679D83E6 /* ofxAssimpMeshHelper.h */,
				EDE55D82BD962DAC0E94B708 /* ofxAssimpModelLoader.cpp */,
				7DF381F656E8FD352E21346E /* ofxAssimpModelLoader.h */,
				B6F2EE44AD04FF549AB13699 /* ofxAssimpTexture.cpp */,
				8B473495EAE4247AC1A851F1 /* ofxAssimpTexture.h */,
				4FAE4A0F69A8990513603BDF /* ofxAssimpUtils.h */,
			);
			name = src;
			sourceTree = "<group>";
		};
		9F47F6577745F31D0E523AC7 /* gml */ = {
			isa = PBXGroup;
			children = (
				D2841F49C423B13E5FE1D6A8 /* tagReader.cpp */,
				B49364860623966C182D611B /* tagReader.h */,
				BE7DB470D57A91A0701B9FCD /* tagWriter.cpp */,
				F4D1BF6330BE3A8690AD22FF /* tagWriter.h */,
			);
			name = gml;
			sourceTree = "<group>";
		};
		A5F4A736EE86A7F1BC3D8C53 /* libs */ = {
			isa = PBXGroup;
			children = (
				57CE74485B53B82183FFCDD7 /* LibGizmo */,
			);
			name = libs;
			sourceTree = "<group>";
		};
		A763ED608B35AE3310251DEE /* src */ = {
			isa = PBXGroup;
			children = (
				9604B925D32EE39065747725 /* ofxBaseGui.cpp */,
				87F26B4B24CBD428AD9EEBAA /* ofxBaseGui.h */,
				C88333E71C9457E441C33474 /* ofxButton.cpp */,
				2834D88A62CD23F3DE2C47D1 /* ofxButton.h */,
				17E65988300FBD9AAA2CD0CA /* ofxGui.h */,
				ECF8674C7975F1063C5E30CA /* ofxGuiGroup.cpp */,
				1C0DA2561397A7DE0246858B /* ofxGuiGroup.h */,
				78D67A00EB899FAC09430597 /* ofxLabel.cpp */,
				B87C60311EC1FE841C1ECD89 /* ofxLabel.h */,
				E112B3AEBEA2C091BF2B40AE /* ofxPanel.cpp */,
				89449E3044D456F7DE7BEA14 /* ofxPanel.h */,
				15F2C6477A769C03A56D1401 /* ofxSlider.cpp */,
				52AFA1F08C420992CAAAE648 /* ofxSlider.h */,
				802251BAF1B35B1D67B32FD0 /* ofxSliderGroup.cpp */,
				C70D8946940288799E82131E /* ofxSliderGroup.h */,
				907C5B5E104864A2D3A25745 /* ofxToggle.cpp */,
				0A1DAC09F322AE313A40706D /* ofxToggle.h */,
			);
			name = src;
			sourceTree = "<group>";
		};
		B77F1220F7C30BFF6034CC97 /* Compiler */ = {
			isa = PBXGroup;
			children = (
				C224E0400677911C78D08627 /* poppack1.h */,
				D1B370068072AAB890CD42D2 /* pstdint.h */,
				F38BBAA2F93DED836503E450 /* pushpack1.h */,
			);
			name = Compiler;
			sourceTree = "<group>";
		};
		BB4B014C10F69532006C3DED /* addons */ = {
			isa = PBXGroup;
			children = (
				2C8F245ACBE61E28646C17F2 /* ofxAssimpModelLoader */,
				3990BDD3729EB86DA1712921 /* ofxGML */,
				7BE4B635EB972225AD764197 /* ofxGizmo */,
				480A780D8D0308AE4A368801 /* ofxGui */,
				9BAC8758F307EC8672EA99CE /* ofxNatNet */,
				987B3A088F337E8FF6045A15 /* ofxPtf */,
				8127CCF7E18A4765F290687E /* ofxTiming */,
				1F4FB5C423662B96ADFDCC0B /* ofxXmlSettings */,
			);
			name = addons;
			sourceTree = "<group>";
		};
		C721A9AF1157766AFE54645E /* libs */ = {
			isa = PBXGroup;
			children = (
				59905D957FDE48902CF1F729 /* assimp */,
			);
			name = libs;
			sourceTree = "<group>";
		};
		E4328144138ABC890047C5CB /* Products */ = {
			isa = PBXGroup;
			children = (
				E4328148138ABC890047C5CB /* openFrameworksDebug.a */,
			);
			name = Products;
			sourceTree = "<group>";
		};
		E4B69B4A0A3A1720003C02F2 = {
			isa = PBXGroup;
			children = (
				E4B6FCAD0C3E899E008CF71C /* openFrameworks-Info.plist */,
				E4EB6923138AFD0F00A09F29 /* Project.xcconfig */,
				E4B69E1C0A3A1BDC003C02F2 /* src */,
				E4EEC9E9138DF44700A80321 /* openFrameworks */,
				BB4B014C10F69532006C3DED /* addons */,
				6948EE371B920CB800B5AC1A /* local_addons */,
				E4B69B5B0A3A1756003C02F2 /* example-follow-mocap-pathDebug.app */,
			);
			sourceTree = "<group>";
		};
		E4B69E1C0A3A1BDC003C02F2 /* src */ = {
			isa = PBXGroup;
			children = (
				E4B69E1D0A3A1BDC003C02F2 /* main.cpp */,
				E4B69E1E0A3A1BDC003C02F2 /* ofApp.cpp */,
				E4B69E1F0A3A1BDC003C02F2 /* ofApp.h */,
				00380A451CF4D6A000023EB6 /* ofxURDriver */,
				00380A661CF4D6A000023EB6 /* sharedCode */,
			);
			path = src;
			sourceTree = SOURCE_ROOT;
		};
		E4EEC9E9138DF44700A80321 /* openFrameworks */ = {
			isa = PBXGroup;
			children = (
				E4EB691F138AFCF100A09F29 /* CoreOF.xcconfig */,
				E4328143138ABC890047C5CB /* openFrameworksLib.xcodeproj */,
			);
			name = openFrameworks;
			sourceTree = "<group>";
		};
		EEFDD7AE0009AE6F77EF2A93 /* include */ = {
			isa = PBXGroup;
			children = (
				67AD613537D3ED7FD883659E /* assimp */,
			);
			name = include;
			sourceTree = "<group>";
		};
/* End PBXGroup section */

/* Begin PBXNativeTarget section */
		E4B69B5A0A3A1756003C02F2 /* example-follow-mocap-path */ = {
			isa = PBXNativeTarget;
			buildConfigurationList = E4B69B5F0A3A1757003C02F2 /* Build configuration list for PBXNativeTarget "example-follow-mocap-path" */;
			buildPhases = (
				E4B69B580A3A1756003C02F2 /* Sources */,
				E4B69B590A3A1756003C02F2 /* Frameworks */,
				E4B6FFFD0C3F9AB9008CF71C /* ShellScript */,
				E4C2427710CC5ABF004149E2 /* CopyFiles */,
				8466F1851C04CA0E00918B1C /* ShellScript */,
			);
			buildRules = (
			);
			dependencies = (
				E4EEB9AC138B136A00A80321 /* PBXTargetDependency */,
			);
			name = "example-follow-mocap-path";
			productName = myOFApp;
			productReference = E4B69B5B0A3A1756003C02F2 /* example-follow-mocap-pathDebug.app */;
			productType = "com.apple.product-type.application";
		};
/* End PBXNativeTarget section */

/* Begin PBXProject section */
		E4B69B4C0A3A1720003C02F2 /* Project object */ = {
			isa = PBXProject;
			attributes = {
				LastUpgradeCheck = 0600;
			};
			buildConfigurationList = E4B69B4D0A3A1720003C02F2 /* Build configuration list for PBXProject "example-follow-mocap-path" */;
			compatibilityVersion = "Xcode 3.2";
			developmentRegion = English;
			hasScannedForEncodings = 0;
			knownRegions = (
				English,
				Japanese,
				French,
				German,
			);
			mainGroup = E4B69B4A0A3A1720003C02F2;
			productRefGroup = E4B69B4A0A3A1720003C02F2;
			projectDirPath = "";
			projectReferences = (
				{
					ProductGroup = E4328144138ABC890047C5CB /* Products */;
					ProjectRef = E4328143138ABC890047C5CB /* openFrameworksLib.xcodeproj */;
				},
			);
			projectRoot = "";
			targets = (
				E4B69B5A0A3A1756003C02F2 /* example-follow-mocap-path */,
			);
		};
/* End PBXProject section */

/* Begin PBXReferenceProxy section */
		E4328148138ABC890047C5CB /* openFrameworksDebug.a */ = {
			isa = PBXReferenceProxy;
			fileType = archive.ar;
			path = openFrameworksDebug.a;
			remoteRef = E4328147138ABC890047C5CB /* PBXContainerItemProxy */;
			sourceTree = BUILT_PRODUCTS_DIR;
		};
/* End PBXReferenceProxy section */

/* Begin PBXShellScriptBuildPhase section */
		8466F1851C04CA0E00918B1C /* ShellScript */ = {
			isa = PBXShellScriptBuildPhase;
			buildActionMask = 12;
			files = (
			);
			inputPaths = (
			);
			outputPaths = (
			);
			runOnlyForDeploymentPostprocessing = 0;
			shellPath = /bin/sh;
			shellScript = "echo \"$GCC_PREPROCESSOR_DEFINITIONS\";\nAPPSTORE=`expr \"$GCC_PREPROCESSOR_DEFINITIONS\" : \".*APPSTORE=\\([0-9]*\\)\"`\nif [ -z \"$APPSTORE\" ] ; then\necho \"Note: Not copying bin/data to App Package or doing App Code signing. Use AppStore target for AppStore distribution\";\nelse\n# Copy bin/data into App/Resources\nrsync -avz --exclude='.DS_Store' \"${SRCROOT}/bin/data/\" \"${TARGET_BUILD_DIR}/${UNLOCALIZED_RESOURCES_FOLDER_PATH}/data/\"\n\n# ---- Code Sign App Package ----\n \n# WARNING: You may have to run Clean in Xcode after changing CODE_SIGN_IDENTITY!\n\n# Verify that $CODE_SIGN_IDENTITY is set\nif [ -z \"${CODE_SIGN_IDENTITY}\" ] ; then\necho \"CODE_SIGN_IDENTITY needs to be set for framework code-signing\"\nexit 0\nfi\n\nif [ -z \"${CODE_SIGN_ENTITLEMENTS}\" ] ; then\necho \"CODE_SIGN_ENTITLEMENTS needs to be set for framework code-signing!\"\n\nif [ \"${CONFIGURATION}\" = \"Release\" ] ; then\nexit 1\nelse\n# Code-signing is optional for non-release builds.\nexit 0\nfi\nfi\n\nITEMS=\"\"\n\nFRAMEWORKS_DIR=\"${TARGET_BUILD_DIR}/${FRAMEWORKS_FOLDER_PATH}\"\necho \"$FRAMEWORKS_DIR\"\nif [ -d \"$FRAMEWORKS_DIR\" ] ; then\nFRAMEWORKS=$(find \"${FRAMEWORKS_DIR}\" -depth -type d -name \"*.framework\" -or -name \"*.dylib\" -or -name \"*.bundle\" | sed -e \"s/\\(.*framework\\)/\\1\\/Versions\\/A\\//\")\nRESULT=$?\nif [[ $RESULT != 0 ]] ; then\nexit 1\nfi\n\nITEMS=\"${FRAMEWORKS}\"\nfi\n\nLOGINITEMS_DIR=\"${TARGET_BUILD_DIR}/${CONTENTS_FOLDER_PATH}/Library/LoginItems/\"\nif [ -d \"$LOGINITEMS_DIR\" ] ; then\nLOGINITEMS=$(find \"${LOGINITEMS_DIR}\" -depth -type d -name \"*.app\")\nRESULT=$?\nif [[ $RESULT != 0 ]] ; then\nexit 1\nfi\n\nITEMS=\"${ITEMS}\"$'\\n'\"${LOGINITEMS}\"\nfi\n\n# Prefer the expanded name, if available.\nCODE_SIGN_IDENTITY_FOR_ITEMS=\"${EXPANDED_CODE_SIGN_IDENTITY_NAME}\"\nif [ \"${CODE_SIGN_IDENTITY_FOR_ITEMS}\" = \"\" ] ; then\n# Fall back to old behavior.\nCODE_SIGN_IDENTITY_FOR_ITEMS=\"${CODE_SIGN_IDENTITY}\"\nfi\n\necho \"Identity:\"\necho \"${CODE_SIGN_IDENTITY_FOR_ITEMS}\"\n\necho \"Entitlements:\"\necho \"${CODE_SIGN_ENTITLEMENTS}\"\n\necho \"Found:\"\necho \"${ITEMS}\"\n\n# Change the Internal Field Separator (IFS) so that spaces in paths will not cause problems below.\nSAVED_IFS=$IFS\nIFS=$(echo -en \"\\n\\b\")\n\n# Loop through all items.\nfor ITEM in $ITEMS;\ndo\necho \"Signing '${ITEM}'\"\ncodesign --force --verbose --sign \"${CODE_SIGN_IDENTITY_FOR_ITEMS}\" --entitlements \"${CODE_SIGN_ENTITLEMENTS}\" \"${ITEM}\"\nRESULT=$?\nif [[ $RESULT != 0 ]] ; then\necho \"Failed to sign '${ITEM}'.\"\nIFS=$SAVED_IFS\nexit 1\nfi\ndone\n\n# Restore $IFS.\nIFS=$SAVED_IFS\n\nfi\n";
		};
		E4B6FFFD0C3F9AB9008CF71C /* ShellScript */ = {
			isa = PBXShellScriptBuildPhase;
			buildActionMask = 2147483647;
			files = (
			);
			inputPaths = (
			);
			outputPaths = (
			);
			runOnlyForDeploymentPostprocessing = 0;
			shellPath = /bin/sh;
			shellScript = "mkdir -p \"$TARGET_BUILD_DIR/$PRODUCT_NAME.app/Contents/Resources/\"\n# Copy default icon file into App/Resources\nrsync -aved \"$ICON_FILE\" \"$TARGET_BUILD_DIR/$PRODUCT_NAME.app/Contents/Resources/\"\n# Copy libfmod and change install directory for fmod to run\nrsync -aved ../../../libs/fmodex/lib/osx/libfmodex.dylib \"$TARGET_BUILD_DIR/$PRODUCT_NAME.app/Contents/Frameworks/\";\ninstall_name_tool -change @executable_path/libfmodex.dylib @executable_path/../Frameworks/libfmodex.dylib \"$TARGET_BUILD_DIR/$PRODUCT_NAME.app/Contents/MacOS/$PRODUCT_NAME\";\n\necho \"$GCC_PREPROCESSOR_DEFINITIONS\";\nAPPSTORE=`expr \"$GCC_PREPROCESSOR_DEFINITIONS\" : \".*APPSTORE=\\([0-9]*\\)\"`\nif [ -z \"${APPSTORE}\" ] ; then\necho \"Copying GLUT framework\";\n# Copy GLUT framework (must remove for AppStore submissions)\nrsync -aved ../../../libs/glut/lib/osx/GLUT.framework \"$TARGET_BUILD_DIR/$PRODUCT_NAME.app/Contents/Frameworks/\"\nelse\necho \"Not including GLUT\";\nfi\n";
		};
/* End PBXShellScriptBuildPhase section */

/* Begin PBXSourcesBuildPhase section */
		E4B69B580A3A1756003C02F2 /* Sources */ = {
			isa = PBXSourcesBuildPhase;
			buildActionMask = 2147483647;
			files = (
				E4B69E200A3A1BDC003C02F2 /* main.cpp in Sources */,
				E4B69E210A3A1BDC003C02F2 /* ofApp.cpp in Sources */,
				00380A861CF4D6A000023EB6 /* ur_driver.cpp in Sources */,
				3B8120368B4FCCD80883BAF3 /* ofxAssimpAnimation.cpp in Sources */,
				00380A941CF4D6A000023EB6 /* PathRecorder.cpp in Sources */,
				483FA4F6D5FA6422C559B1F5 /* ofxAssimpMeshHelper.cpp in Sources */,
				8DED5056525646FA71980866 /* ofxAssimpModelLoader.cpp in Sources */,
				00380A8E1CF4D6A000023EB6 /* PathController.cpp in Sources */,
				B8846EF8E504895A4A9EFEC0 /* ofxAssimpTexture.cpp in Sources */,
				00380A891CF4D6A000023EB6 /* UR5KinematicModel.cpp in Sources */,
				00380A911CF4D6A000023EB6 /* Path.cpp in Sources */,
				39C1076FC679109A21E21816 /* tagReader.cpp in Sources */,
				00380A871CF4D6A000023EB6 /* ur_realtime_communication.cpp in Sources */,
				03B14860C85545A54080C30A /* tagWriter.cpp in Sources */,
				3415942CF8402F92CD12F9A1 /* ofxGizmo.cpp in Sources */,
				41E2223E5B0F12AB2C7D678B /* GizmoTransformMove.cpp in Sources */,
				00380A921CF4D6A000023EB6 /* Path3D.cpp in Sources */,
				0E33E39B0F7BD7C01D368551 /* GizmoTransformRender.cpp in Sources */,
				00380A8C1CF4D6A000023EB6 /* URToolHead.cpp in Sources */,
				00380A8F1CF4D6A000023EB6 /* RobotController.cpp in Sources */,
				658E7D8B200D6D15D55EFF62 /* GizmoTransformRotate.cpp in Sources */,
				2678BE5C3074D11B5F284D2D /* GizmoTransformScale.cpp in Sources */,
				F090A3379D0F9EA5625F5896 /* ZBaseMaths.cpp in Sources */,
				00380A841CF4D6A000023EB6 /* robot_state_RT.cpp in Sources */,
				FCBD7626110FDE944C671566 /* ZMathsFunc.cpp in Sources */,
				856AA354D08AB4B323081444 /* ofxBaseGui.cpp in Sources */,
				00380A831CF4D6A000023EB6 /* robot_state.cpp in Sources */,
				5CBB2AB3A60F65431D7B555D /* ofxButton.cpp in Sources */,
				00380A821CF4D6A000023EB6 /* do_output.cpp in Sources */,
				B266578FC55D23BFEBC042E7 /* ofxGuiGroup.cpp in Sources */,
				00380A881CF4D6A000023EB6 /* ur_kin.cpp in Sources */,
				483908258D00B98B4BE69F07 /* ofxLabel.cpp in Sources */,
				F285EB3169F1566CA3D93C20 /* ofxPanel.cpp in Sources */,
				837220E80EB56CD44AD27F2A /* ofxSlider.cpp in Sources */,
				B56FE57CC35806596D38118C /* ofxSliderGroup.cpp in Sources */,
				00380A931CF4D6A000023EB6 /* PathPlayer.cpp in Sources */,
				1CD33E884D9E3358252E82A1 /* ofxToggle.cpp in Sources */,
				00380A961CF4D6A000023EB6 /* WorkSurface3D.cpp in Sources */,
				2EB82731E35103D1E16BAFCF /* ofxNatNet.cpp in Sources */,
				00380A8B1CF4D6A000023EB6 /* URMove.cpp in Sources */,
				714509BA4B4022405175C461 /* ParallelTransportFrames.cpp in Sources */,
				63B57AC5BF4EF088491E0317 /* ofxXmlSettings.cpp in Sources */,
				00380A901CF4D6A000023EB6 /* GMLPath.cpp in Sources */,
				933A2227713C720CEFF80FD9 /* tinyxml.cpp in Sources */,
				00380A951CF4D6A000023EB6 /* RobotStateMachine.cpp in Sources */,
				9D44DC88EF9E7991B4A09951 /* tinyxmlerror.cpp in Sources */,
				00380A851CF4D6A000023EB6 /* ur_communication.cpp in Sources */,
				00380A8A1CF4D6A000023EB6 /* URDriver.cpp in Sources */,
				5A4349E9754D6FA14C0F2A3A /* tinyxmlparser.cpp in Sources */,
			);
			runOnlyForDeploymentPostprocessing = 0;
		};
/* End PBXSourcesBuildPhase section */

/* Begin PBXTargetDependency section */
		E4EEB9AC138B136A00A80321 /* PBXTargetDependency */ = {
			isa = PBXTargetDependency;
			name = openFrameworks;
			targetProxy = E4EEB9AB138B136A00A80321 /* PBXContainerItemProxy */;
		};
/* End PBXTargetDependency section */

/* Begin XCBuildConfiguration section */
		99FA3DBB1C7456C400CFA0EE /* AppStore */ = {
			isa = XCBuildConfiguration;
			baseConfigurationReference = E4EB6923138AFD0F00A09F29 /* Project.xcconfig */;
			buildSettings = {
				CONFIGURATION_BUILD_DIR = "$(SRCROOT)/bin/";
				COPY_PHASE_STRIP = YES;
				DEAD_CODE_STRIPPING = YES;
				GCC_AUTO_VECTORIZATION = YES;
				GCC_ENABLE_SSE3_EXTENSIONS = YES;
				GCC_ENABLE_SUPPLEMENTAL_SSE3_INSTRUCTIONS = YES;
				GCC_INLINES_ARE_PRIVATE_EXTERN = NO;
				GCC_OPTIMIZATION_LEVEL = 3;
				"GCC_PREPROCESSOR_DEFINITIONS[arch=*]" = "DISTRIBUTION=1";
				GCC_SYMBOLS_PRIVATE_EXTERN = NO;
				GCC_UNROLL_LOOPS = YES;
				GCC_WARN_ABOUT_DEPRECATED_FUNCTIONS = YES;
				GCC_WARN_ABOUT_INVALID_OFFSETOF_MACRO = NO;
				GCC_WARN_ALLOW_INCOMPLETE_PROTOCOL = NO;
				GCC_WARN_UNINITIALIZED_AUTOS = NO;
				GCC_WARN_UNUSED_VALUE = NO;
				GCC_WARN_UNUSED_VARIABLE = NO;
				HEADER_SEARCH_PATHS = (
					"$(OF_CORE_HEADERS)",
					../../../addons/ofxAssimpModelLoader/libs,
					../../../addons/ofxAssimpModelLoader/libs/assimp,
					../../../addons/ofxAssimpModelLoader/libs/assimp/include,
					../../../addons/ofxAssimpModelLoader/libs/assimp/include/assimp,
					../../../addons/ofxAssimpModelLoader/libs/assimp/include/assimp/Compiler,
					../../../addons/ofxAssimpModelLoader/libs/assimp/lib,
					../../../addons/ofxAssimpModelLoader/libs/assimp/lib/emscripten,
					../../../addons/ofxAssimpModelLoader/libs/assimp/lib/osx,
					../../../addons/ofxAssimpModelLoader/libs/assimp/license,
					../../../addons/ofxAssimpModelLoader/src,
					../../../addons/ofxGML/src,
					../../../addons/ofxGML/src/gml,
					../../../addons/ofxGizmo/libs,
					../../../addons/ofxGizmo/libs/LibGizmo,
					../../../addons/ofxGizmo/src,
					../../../addons/ofxGui/src,
					../../../addons/ofxNatNet/src,
					../../../addons/ofxPtf/src,
					../../../addons/ofxTiming/src,
					../../../addons/ofxXmlSettings/libs,
					../../../addons/ofxXmlSettings/src,
				);
				MACOSX_DEPLOYMENT_TARGET = 10.8;
				OTHER_CPLUSPLUSFLAGS = (
					"-D__MACOSX_CORE__",
					"-mtune=native",
				);
				OTHER_LDFLAGS = (
					"$(OF_CORE_FRAMEWORKS)",
					"$(OF_CORE_LIBS)",
					../../../addons/ofxAssimpModelLoader/libs/assimp/lib/osx/assimp.a,
				);
				SDKROOT = macosx;
			};
			name = AppStore;
		};
		99FA3DBC1C7456C400CFA0EE /* AppStore */ = {
			isa = XCBuildConfiguration;
			baseConfigurationReference = E4EB6923138AFD0F00A09F29 /* Project.xcconfig */;
			buildSettings = {
				COMBINE_HIDPI_IMAGES = YES;
				COPY_PHASE_STRIP = YES;
				FRAMEWORK_SEARCH_PATHS = (
					"$(inherited)",
					"$(FRAMEWORK_SEARCH_PATHS_QUOTED_FOR_TARGET_1)",
				);
				FRAMEWORK_SEARCH_PATHS_QUOTED_FOR_TARGET_1 = "\"$(SRCROOT)/../../../libs/glut/lib/osx\"";
				GCC_GENERATE_DEBUGGING_SYMBOLS = YES;
				GCC_MODEL_TUNING = NONE;
				"GCC_PREPROCESSOR_DEFINITIONS[arch=*]" = "APPSTORE=1";
				HEADER_SEARCH_PATHS = (
					"$(OF_CORE_HEADERS)",
					../../../addons/ofxAssimpModelLoader/libs,
					../../../addons/ofxAssimpModelLoader/libs/assimp,
					../../../addons/ofxAssimpModelLoader/libs/assimp/include,
					../../../addons/ofxAssimpModelLoader/libs/assimp/include/assimp,
					../../../addons/ofxAssimpModelLoader/libs/assimp/include/assimp/Compiler,
					../../../addons/ofxAssimpModelLoader/libs/assimp/lib,
					../../../addons/ofxAssimpModelLoader/libs/assimp/lib/emscripten,
					../../../addons/ofxAssimpModelLoader/libs/assimp/lib/osx,
					../../../addons/ofxAssimpModelLoader/libs/assimp/license,
					../../../addons/ofxAssimpModelLoader/src,
					../../../addons/ofxGML/src,
					../../../addons/ofxGML/src/gml,
					../../../addons/ofxGizmo/libs,
					../../../addons/ofxGizmo/libs/LibGizmo,
					../../../addons/ofxGizmo/src,
					../../../addons/ofxGui/src,
					../../../addons/ofxNatNet/src,
					../../../addons/ofxPtf/src,
					../../../addons/ofxTiming/src,
					../../../addons/ofxXmlSettings/libs,
					../../../addons/ofxXmlSettings/src,
				);
				ICON = "$(ICON_NAME_RELEASE)";
				ICON_FILE = "$(ICON_FILE_PATH)$(ICON)";
				INFOPLIST_FILE = "openFrameworks-Info.plist";
				INSTALL_PATH = /Applications;
				LIBRARY_SEARCH_PATHS = "$(inherited)";
				OTHER_LDFLAGS = (
					"$(OF_CORE_FRAMEWORKS)",
					"$(OF_CORE_LIBS)",
					../../../addons/ofxAssimpModelLoader/libs/assimp/lib/osx/assimp.a,
				);
				PRODUCT_NAME = "$(TARGET_NAME)";
				WRAPPER_EXTENSION = app;
				baseConfigurationReference = E4EB6923138AFD0F00A09F29;
			};
			name = AppStore;
		};
		E4B69B4E0A3A1720003C02F2 /* Debug */ = {
			isa = XCBuildConfiguration;
			baseConfigurationReference = E4EB6923138AFD0F00A09F29 /* Project.xcconfig */;
			buildSettings = {
				CONFIGURATION_BUILD_DIR = "$(SRCROOT)/bin/";
				COPY_PHASE_STRIP = NO;
				DEAD_CODE_STRIPPING = YES;
				GCC_AUTO_VECTORIZATION = YES;
				GCC_ENABLE_SSE3_EXTENSIONS = YES;
				GCC_ENABLE_SUPPLEMENTAL_SSE3_INSTRUCTIONS = YES;
				GCC_INLINES_ARE_PRIVATE_EXTERN = NO;
				GCC_OPTIMIZATION_LEVEL = 0;
				GCC_SYMBOLS_PRIVATE_EXTERN = NO;
				GCC_WARN_ABOUT_DEPRECATED_FUNCTIONS = YES;
				GCC_WARN_ABOUT_INVALID_OFFSETOF_MACRO = NO;
				GCC_WARN_ALLOW_INCOMPLETE_PROTOCOL = NO;
				GCC_WARN_UNINITIALIZED_AUTOS = NO;
				GCC_WARN_UNUSED_VALUE = NO;
				GCC_WARN_UNUSED_VARIABLE = NO;
				HEADER_SEARCH_PATHS = (
					"$(OF_CORE_HEADERS)",
					../../../addons/ofxAssimpModelLoader/libs,
					../../../addons/ofxAssimpModelLoader/libs/assimp,
					../../../addons/ofxAssimpModelLoader/libs/assimp/include,
					../../../addons/ofxAssimpModelLoader/libs/assimp/include/assimp,
					../../../addons/ofxAssimpModelLoader/libs/assimp/include/assimp/Compiler,
					../../../addons/ofxAssimpModelLoader/libs/assimp/lib,
					../../../addons/ofxAssimpModelLoader/libs/assimp/lib/emscripten,
					../../../addons/ofxAssimpModelLoader/libs/assimp/lib/osx,
					../../../addons/ofxAssimpModelLoader/libs/assimp/license,
					../../../addons/ofxAssimpModelLoader/src,
					../../../addons/ofxGML/src,
					../../../addons/ofxGML/src/gml,
					../../../addons/ofxGizmo/libs,
					../../../addons/ofxGizmo/libs/LibGizmo,
					../../../addons/ofxGizmo/src,
					../../../addons/ofxGui/src,
					../../../addons/ofxNatNet/src,
					../../../addons/ofxPtf/src,
					../../../addons/ofxTiming/src,
					../../../addons/ofxXmlSettings/libs,
					../../../addons/ofxXmlSettings/src,
				);
				MACOSX_DEPLOYMENT_TARGET = 10.8;
				ONLY_ACTIVE_ARCH = YES;
				OTHER_CPLUSPLUSFLAGS = (
					"-D__MACOSX_CORE__",
					"-mtune=native",
				);
				OTHER_LDFLAGS = (
					"$(OF_CORE_FRAMEWORKS)",
					"$(OF_CORE_LIBS)",
					../../../addons/ofxAssimpModelLoader/libs/assimp/lib/osx/assimp.a,
				);
				SDKROOT = macosx;
			};
			name = Debug;
		};
		E4B69B4F0A3A1720003C02F2 /* Release */ = {
			isa = XCBuildConfiguration;
			baseConfigurationReference = E4EB6923138AFD0F00A09F29 /* Project.xcconfig */;
			buildSettings = {
				CONFIGURATION_BUILD_DIR = "$(SRCROOT)/bin/";
				COPY_PHASE_STRIP = YES;
				DEAD_CODE_STRIPPING = YES;
				GCC_AUTO_VECTORIZATION = YES;
				GCC_ENABLE_SSE3_EXTENSIONS = YES;
				GCC_ENABLE_SUPPLEMENTAL_SSE3_INSTRUCTIONS = YES;
				GCC_INLINES_ARE_PRIVATE_EXTERN = NO;
				GCC_OPTIMIZATION_LEVEL = 3;
				GCC_SYMBOLS_PRIVATE_EXTERN = NO;
				GCC_UNROLL_LOOPS = YES;
				GCC_WARN_ABOUT_DEPRECATED_FUNCTIONS = YES;
				GCC_WARN_ABOUT_INVALID_OFFSETOF_MACRO = NO;
				GCC_WARN_ALLOW_INCOMPLETE_PROTOCOL = NO;
				GCC_WARN_UNINITIALIZED_AUTOS = NO;
				GCC_WARN_UNUSED_VALUE = NO;
				GCC_WARN_UNUSED_VARIABLE = NO;
				HEADER_SEARCH_PATHS = (
					"$(OF_CORE_HEADERS)",
					../../../addons/ofxAssimpModelLoader/libs,
					../../../addons/ofxAssimpModelLoader/libs/assimp,
					../../../addons/ofxAssimpModelLoader/libs/assimp/include,
					../../../addons/ofxAssimpModelLoader/libs/assimp/include/assimp,
					../../../addons/ofxAssimpModelLoader/libs/assimp/include/assimp/Compiler,
					../../../addons/ofxAssimpModelLoader/libs/assimp/lib,
					../../../addons/ofxAssimpModelLoader/libs/assimp/lib/emscripten,
					../../../addons/ofxAssimpModelLoader/libs/assimp/lib/osx,
					../../../addons/ofxAssimpModelLoader/libs/assimp/license,
					../../../addons/ofxAssimpModelLoader/src,
					../../../addons/ofxGML/src,
					../../../addons/ofxGML/src/gml,
					../../../addons/ofxGizmo/libs,
					../../../addons/ofxGizmo/libs/LibGizmo,
					../../../addons/ofxGizmo/src,
					../../../addons/ofxGui/src,
					../../../addons/ofxNatNet/src,
					../../../addons/ofxPtf/src,
					../../../addons/ofxTiming/src,
					../../../addons/ofxXmlSettings/libs,
					../../../addons/ofxXmlSettings/src,
				);
				MACOSX_DEPLOYMENT_TARGET = 10.8;
				OTHER_CPLUSPLUSFLAGS = (
					"-D__MACOSX_CORE__",
					"-mtune=native",
				);
				OTHER_LDFLAGS = (
					"$(OF_CORE_FRAMEWORKS)",
					"$(OF_CORE_LIBS)",
					../../../addons/ofxAssimpModelLoader/libs/assimp/lib/osx/assimp.a,
				);
				SDKROOT = macosx;
			};
			name = Release;
		};
		E4B69B600A3A1757003C02F2 /* Debug */ = {
			isa = XCBuildConfiguration;
			baseConfigurationReference = E4EB6923138AFD0F00A09F29 /* Project.xcconfig */;
			buildSettings = {
				COMBINE_HIDPI_IMAGES = YES;
				COPY_PHASE_STRIP = NO;
				FRAMEWORK_SEARCH_PATHS = (
					"$(inherited)",
					"$(FRAMEWORK_SEARCH_PATHS_QUOTED_FOR_TARGET_1)",
				);
				FRAMEWORK_SEARCH_PATHS_QUOTED_FOR_TARGET_1 = "\"$(SRCROOT)/../../../libs/glut/lib/osx\"";
				GCC_DYNAMIC_NO_PIC = NO;
				GCC_GENERATE_DEBUGGING_SYMBOLS = YES;
				GCC_MODEL_TUNING = NONE;
				HEADER_SEARCH_PATHS = (
					"$(OF_CORE_HEADERS)",
					../../../addons/ofxAssimpModelLoader/libs,
					../../../addons/ofxAssimpModelLoader/libs/assimp,
					../../../addons/ofxAssimpModelLoader/libs/assimp/include,
					../../../addons/ofxAssimpModelLoader/libs/assimp/include/assimp,
					../../../addons/ofxAssimpModelLoader/libs/assimp/include/assimp/Compiler,
					../../../addons/ofxAssimpModelLoader/libs/assimp/lib,
					../../../addons/ofxAssimpModelLoader/libs/assimp/lib/emscripten,
					../../../addons/ofxAssimpModelLoader/libs/assimp/lib/osx,
					../../../addons/ofxAssimpModelLoader/libs/assimp/license,
					../../../addons/ofxAssimpModelLoader/src,
					../../../addons/ofxGML/src,
					../../../addons/ofxGML/src/gml,
					../../../addons/ofxGizmo/libs,
					../../../addons/ofxGizmo/libs/LibGizmo,
					../../../addons/ofxGizmo/src,
					../../../addons/ofxGui/src,
					../../../addons/ofxNatNet/src,
					../../../addons/ofxPtf/src,
					../../../addons/ofxTiming/src,
					../../../addons/ofxXmlSettings/libs,
					../../../addons/ofxXmlSettings/src,
				);
				ICON = "$(ICON_NAME_DEBUG)";
				ICON_FILE = "$(ICON_FILE_PATH)$(ICON)";
				INFOPLIST_FILE = "openFrameworks-Info.plist";
				INSTALL_PATH = /Applications;
				LIBRARY_SEARCH_PATHS = "$(inherited)";
				OTHER_LDFLAGS = (
					"$(OF_CORE_FRAMEWORKS)",
					"$(OF_CORE_LIBS)",
					../../../addons/ofxAssimpModelLoader/libs/assimp/lib/osx/assimp.a,
				);
				PRODUCT_NAME = "$(TARGET_NAME)Debug";
				WRAPPER_EXTENSION = app;
			};
			name = Debug;
		};
		E4B69B610A3A1757003C02F2 /* Release */ = {
			isa = XCBuildConfiguration;
			baseConfigurationReference = E4EB6923138AFD0F00A09F29 /* Project.xcconfig */;
			buildSettings = {
				COMBINE_HIDPI_IMAGES = YES;
				COPY_PHASE_STRIP = YES;
				FRAMEWORK_SEARCH_PATHS = (
					"$(inherited)",
					"$(FRAMEWORK_SEARCH_PATHS_QUOTED_FOR_TARGET_1)",
				);
				FRAMEWORK_SEARCH_PATHS_QUOTED_FOR_TARGET_1 = "\"$(SRCROOT)/../../../libs/glut/lib/osx\"";
				GCC_GENERATE_DEBUGGING_SYMBOLS = YES;
				GCC_MODEL_TUNING = NONE;
				HEADER_SEARCH_PATHS = (
					"$(OF_CORE_HEADERS)",
					../../../addons/ofxAssimpModelLoader/libs,
					../../../addons/ofxAssimpModelLoader/libs/assimp,
					../../../addons/ofxAssimpModelLoader/libs/assimp/include,
					../../../addons/ofxAssimpModelLoader/libs/assimp/include/assimp,
					../../../addons/ofxAssimpModelLoader/libs/assimp/include/assimp/Compiler,
					../../../addons/ofxAssimpModelLoader/libs/assimp/lib,
					../../../addons/ofxAssimpModelLoader/libs/assimp/lib/emscripten,
					../../../addons/ofxAssimpModelLoader/libs/assimp/lib/osx,
					../../../addons/ofxAssimpModelLoader/libs/assimp/license,
					../../../addons/ofxAssimpModelLoader/src,
					../../../addons/ofxGML/src,
					../../../addons/ofxGML/src/gml,
					../../../addons/ofxGizmo/libs,
					../../../addons/ofxGizmo/libs/LibGizmo,
					../../../addons/ofxGizmo/src,
					../../../addons/ofxGui/src,
					../../../addons/ofxNatNet/src,
					../../../addons/ofxPtf/src,
					../../../addons/ofxTiming/src,
					../../../addons/ofxXmlSettings/libs,
					../../../addons/ofxXmlSettings/src,
				);
				ICON = "$(ICON_NAME_RELEASE)";
				ICON_FILE = "$(ICON_FILE_PATH)$(ICON)";
				INFOPLIST_FILE = "openFrameworks-Info.plist";
				INSTALL_PATH = /Applications;
				LIBRARY_SEARCH_PATHS = "$(inherited)";
				OTHER_LDFLAGS = (
					"$(OF_CORE_FRAMEWORKS)",
					"$(OF_CORE_LIBS)",
					../../../addons/ofxAssimpModelLoader/libs/assimp/lib/osx/assimp.a,
				);
				PRODUCT_NAME = "$(TARGET_NAME)";
				WRAPPER_EXTENSION = app;
				baseConfigurationReference = E4EB6923138AFD0F00A09F29;
			};
			name = Release;
		};
/* End XCBuildConfiguration section */

/* Begin XCConfigurationList section */
		E4B69B4D0A3A1720003C02F2 /* Build configuration list for PBXProject "example-follow-mocap-path" */ = {
			isa = XCConfigurationList;
			buildConfigurations = (
				E4B69B4E0A3A1720003C02F2 /* Debug */,
				E4B69B4F0A3A1720003C02F2 /* Release */,
				99FA3DBB1C7456C400CFA0EE /* AppStore */,
			);
			defaultConfigurationIsVisible = 0;
			defaultConfigurationName = Release;
		};
		E4B69B5F0A3A1757003C02F2 /* Build configuration list for PBXNativeTarget "example-follow-mocap-path" */ = {
			isa = XCConfigurationList;
			buildConfigurations = (
				E4B69B600A3A1757003C02F2 /* Debug */,
				E4B69B610A3A1757003C02F2 /* Release */,
				99FA3DBC1C7456C400CFA0EE /* AppStore */,
			);
			defaultConfigurationIsVisible = 0;
			defaultConfigurationName = Release;
		};
/* End XCConfigurationList section */
	};
	rootObject = E4B69B4C0A3A1720003C02F2 /* Project object */;
}
